
Microsoft Visual Studio Solution File, Format Version 12.00
# Visual Studio Version 17
VisualStudioVersion = 17.11.35312.102
MinimumVisualStudioVersion = 10.0.40219.1
Project("{2150E333-8FDC-42A3-9474-1A3956D46DE8}") = "_ConfigurationFiles", "_ConfigurationFiles", "{30FC2D4B-A981-4AA2-BD2B-998E7ED36C1A}"
	ProjectSection(SolutionItems) = preProject
		..\.editorconfig = ..\.editorconfig
		..\Directory.Build.props = ..\Directory.Build.props
		..\global.json = ..\global.json
		..\stylecop.json = ..\stylecop.json
	EndProjectSection
EndProject
Project("{2150E333-8FDC-42A3-9474-1A3956D46DE8}") = "2. Api", "2. Api", "{46796033-3717-49E3-BDB2-212B65B3CAC1}"
EndProject
Project("{9A19103F-16F7-4668-BE54-9A1E7A4F7556}") = "ProcessManager.Client", "ProcessManager.Client\ProcessManager.Client.csproj", "{FF1650B4-1FAF-4A94-8A77-DBDBFC5F2980}"
EndProject
Project("{9A19103F-16F7-4668-BE54-9A1E7A4F7556}") = "ProcessManager.DatabaseMigration", "ProcessManager.DatabaseMigration\ProcessManager.DatabaseMigration.csproj", "{A2696E70-DC9B-4A86-958B-70783B0E09EC}"
EndProject
Project("{2150E333-8FDC-42A3-9474-1A3956D46DE8}") = "1. Client", "1. Client", "{51477591-692F-43D6-AD5A-171BDBF63387}"
EndProject
Project("{2150E333-8FDC-42A3-9474-1A3956D46DE8}") = "4. Orchestrations", "4. Orchestrations", "{C80DEA07-3E11-43F5-A446-29293E81EC00}"
EndProject
Project("{2150E333-8FDC-42A3-9474-1A3956D46DE8}") = "3. Core", "3. Core", "{5439BEE5-8AA2-4852-9C92-7245BEFF71D5}"
EndProject
Project("{2150E333-8FDC-42A3-9474-1A3956D46DE8}") = "_Documentation", "_Documentation", "{CB5BA988-F92E-4A9F-B6CF-416E23DE1493}"
	ProjectSection(SolutionItems) = preProject
		..\docs\ProcessManager\Development.md = ..\docs\ProcessManager\Development.md
	EndProjectSection
EndProject
Project("{9A19103F-16F7-4668-BE54-9A1E7A4F7556}") = "ProcessManager.Orchestrations", "ProcessManager.Orchestrations\ProcessManager.Orchestrations.csproj", "{6D38C81C-BD42-4795-95D2-3C7E858A75ED}"
EndProject
Project("{9A19103F-16F7-4668-BE54-9A1E7A4F7556}") = "ProcessManager", "ProcessManager\ProcessManager.csproj", "{EE52C2A5-8E6C-45CB-9245-63CB961899D0}"
EndProject
Project("{2150E333-8FDC-42A3-9474-1A3956D46DE8}") = "5. Components", "5. Components", "{4A59957F-21CA-4D10-914D-F088ACD27175}"
EndProject
Project("{9A19103F-16F7-4668-BE54-9A1E7A4F7556}") = "ProcessManager.Core", "ProcessManager.Core\ProcessManager.Core.csproj", "{1CAF9794-6FA0-487B-9950-41AB72A9E01F}"
EndProject
Project("{2150E333-8FDC-42A3-9474-1A3956D46DE8}") = "Tests", "Tests", "{EC2012DB-B2F7-4181-AFEB-06FB791F7C91}"
EndProject
Project("{2150E333-8FDC-42A3-9474-1A3956D46DE8}") = "Tests", "Tests", "{A1D87C36-B279-40DB-8C75-B74453458A02}"
EndProject
Project("{2150E333-8FDC-42A3-9474-1A3956D46DE8}") = "Tests", "Tests", "{9CB2AEDE-FAB7-405B-913F-3E7E673F962D}"
EndProject
Project("{2150E333-8FDC-42A3-9474-1A3956D46DE8}") = "Tests", "Tests", "{BF4FFF69-2FAA-4C40-A781-ABC5EABEA258}"
EndProject
Project("{2150E333-8FDC-42A3-9474-1A3956D46DE8}") = "Tests", "Tests", "{A9FAFE99-471D-4D50-8A3C-A8495C372CD1}"
EndProject
Project("{2150E333-8FDC-42A3-9474-1A3956D46DE8}") = "6. SubsystemTests", "6. SubsystemTests", "{FC13BF16-B445-41F9-997B-DFA02C35DF32}"
EndProject
Project("{2150E333-8FDC-42A3-9474-1A3956D46DE8}") = "ProcessManager", "ProcessManager", "{CBA755F0-1F24-4057-829F-102DE46A19A7}"
EndProject
Project("{2150E333-8FDC-42A3-9474-1A3956D46DE8}") = "EDI", "EDI", "{5E56C03C-09BD-4F47-917E-4D5B03E4EE0E}"
EndProject
Project("{2150E333-8FDC-42A3-9474-1A3956D46DE8}") = "Apps", "Apps", "{889EA99A-C74D-4920-93A8-D26231BE2CFE}"
EndProject
Project("{9A19103F-16F7-4668-BE54-9A1E7A4F7556}") = "ApplyDBMigrationsApp", "ApplyDBMigrationsApp\ApplyDBMigrationsApp.csproj", "{283E19EE-1527-4C7B-9427-BE69066297B8}"
EndProject
Project("{9A19103F-16F7-4668-BE54-9A1E7A4F7556}") = "B2BApi", "B2BApi\B2BApi.csproj", "{2F7A2353-CF06-484B-9E59-D77E3B38E8A9}"
EndProject
Project("{9A19103F-16F7-4668-BE54-9A1E7A4F7556}") = "B2CWebApi", "B2CWebApi\B2CWebApi.csproj", "{AC42C9D6-ACD6-4A40-97D9-44439B139E6C}"
EndProject
Project("{2150E333-8FDC-42A3-9474-1A3956D46DE8}") = "Tests", "Tests", "{4914CD1E-783A-40F3-9666-544120450FF0}"
EndProject
Project("{9A19103F-16F7-4668-BE54-9A1E7A4F7556}") = "B2BApi.AppTests", "B2BApi.AppTests\B2BApi.AppTests.csproj", "{3176F2D9-E5BC-41D9-B818-7AFBB8339B73}"
EndProject
Project("{9A19103F-16F7-4668-BE54-9A1E7A4F7556}") = "B2CWebApi.AppTests", "B2CWebApi.AppTests\B2CWebApi.AppTests.csproj", "{215C4B68-40CD-41C5-A468-A03304F4FC2A}"
EndProject
Project("{2150E333-8FDC-42A3-9474-1A3956D46DE8}") = "ArchivedMessages", "ArchivedMessages", "{0B7C34CA-1AC7-4D94-B44B-5357EFE13F88}"
EndProject
Project("{9A19103F-16F7-4668-BE54-9A1E7A4F7556}") = "ArchivedMessages.Application", "ArchivedMessages.Application\ArchivedMessages.Application.csproj", "{B7ADCE18-1360-42DB-9430-0765B90DC0C5}"
EndProject
Project("{9A19103F-16F7-4668-BE54-9A1E7A4F7556}") = "ArchivedMessages.Infrastructure", "ArchivedMessages.Infrastructure\ArchivedMessages.Infrastructure.csproj", "{2D5A2914-D482-497C-BED2-871DFDE44D93}"
EndProject
Project("{9A19103F-16F7-4668-BE54-9A1E7A4F7556}") = "ArchivedMessages.Interfaces", "ArchivedMessages.Interfaces\ArchivedMessages.Interfaces.csproj", "{52F72957-EE35-48DC-A94B-D1DE57EE7BF9}"
EndProject
Project("{2150E333-8FDC-42A3-9474-1A3956D46DE8}") = "Tests", "Tests", "{7ABC8A00-1DF4-4F08-AE09-0CED88BF9333}"
EndProject
Project("{9A19103F-16F7-4668-BE54-9A1E7A4F7556}") = "ArchivedMessages.IntegrationTests", "ArchivedMessages.IntegrationTests\ArchivedMessages.IntegrationTests.csproj", "{B9FD2772-808A-4A8A-8716-8F70A45A1BED}"
EndProject
Project("{2150E333-8FDC-42A3-9474-1A3956D46DE8}") = "BuildingBlocks", "BuildingBlocks", "{30FC3FED-C166-4F70-AE4E-EB337313CB28}"
EndProject
Project("{9A19103F-16F7-4668-BE54-9A1E7A4F7556}") = "BuildingBlocks.Domain", "BuildingBlocks.Domain\BuildingBlocks.Domain.csproj", "{EEFFC5AE-BBE3-433C-95DE-73CA2DAB0232}"
EndProject
Project("{9A19103F-16F7-4668-BE54-9A1E7A4F7556}") = "BuildingBlocks.Infrastructure", "BuildingBlocks.Infrastructure\BuildingBlocks.Infrastructure.csproj", "{80651503-CF8F-4B5D-A830-65A96C9430C3}"
EndProject
Project("{9A19103F-16F7-4668-BE54-9A1E7A4F7556}") = "BuildingBlocks.Interfaces", "BuildingBlocks.Interfaces\BuildingBlocks.Interfaces.csproj", "{B032AA0A-6B6E-4985-BAE3-0E4610D2C92F}"
EndProject
Project("{9A19103F-16F7-4668-BE54-9A1E7A4F7556}") = "BuildingBlocks.Tests", "BuildingBlocks.Tests\BuildingBlocks.Tests.csproj", "{67B4785A-97BE-4C6F-BD50-5CB95DF5D17B}"
EndProject
Project("{2150E333-8FDC-42A3-9474-1A3956D46DE8}") = "DataAccess", "DataAccess", "{06587BB9-AA0E-4AB1-BB18-3705B0FBD276}"
EndProject
Project("{9A19103F-16F7-4668-BE54-9A1E7A4F7556}") = "DataAccess", "DataAccess\DataAccess.csproj", "{0614AB97-E903-4B8F-BF27-988C6830AC5C}"
EndProject
Project("{9A19103F-16F7-4668-BE54-9A1E7A4F7556}") = "DataAccess.UnitOfWork", "DataAccess.UnitOfWork\DataAccess.UnitOfWork.csproj", "{82787CE2-DB77-45A3-897D-218FD120EBD6}"
EndProject
Project("{2150E333-8FDC-42A3-9474-1A3956D46DE8}") = "IncomingMessages", "IncomingMessages", "{631F1E84-DFA2-4B0B-BDB4-1431D9D92652}"
EndProject
Project("{9A19103F-16F7-4668-BE54-9A1E7A4F7556}") = "IncomingMessages.Application", "IncomingMessages.Application\IncomingMessages.Application.csproj", "{1176FB95-1AF5-4FC5-8CA3-3FB72380D4B9}"
EndProject
Project("{9A19103F-16F7-4668-BE54-9A1E7A4F7556}") = "IncomingMessages.Domain", "IncomingMessages.Domain\IncomingMessages.Domain.csproj", "{E9D19C48-164D-42B1-8FD5-DE5A1C16FCDD}"
EndProject
Project("{9A19103F-16F7-4668-BE54-9A1E7A4F7556}") = "IncomingMessages.Infrastructure", "IncomingMessages.Infrastructure\IncomingMessages.Infrastructure.csproj", "{C1456095-9A50-4F6D-B7D1-F80611471B23}"
EndProject
Project("{9A19103F-16F7-4668-BE54-9A1E7A4F7556}") = "IncomingMessages.Interfaces", "IncomingMessages.Interfaces\IncomingMessages.Interfaces.csproj", "{0B2CA742-F795-4625-9CBA-0245B6CC6D90}"
EndProject
Project("{2150E333-8FDC-42A3-9474-1A3956D46DE8}") = "IntegrationEvents", "IntegrationEvents", "{12D4FE03-9873-44C0-90D3-253A4AD7608E}"
EndProject
Project("{2150E333-8FDC-42A3-9474-1A3956D46DE8}") = "Tests", "Tests", "{245D245E-C719-4690-BFC6-B7827DE55D79}"
EndProject
Project("{9A19103F-16F7-4668-BE54-9A1E7A4F7556}") = "IntegrationEvents.IntegrationTests", "IntegrationEvents.IntegrationTests\IntegrationEvents.IntegrationTests.csproj", "{A4B31BA6-ED49-4B0B-84AF-52ECC144B91D}"
EndProject
Project("{9A19103F-16F7-4668-BE54-9A1E7A4F7556}") = "IntegrationEvents.Application", "IntegrationEvents.Application\IntegrationEvents.Application.csproj", "{8079DFC4-40C0-4CA5-AA7B-905853A61946}"
EndProject
Project("{9A19103F-16F7-4668-BE54-9A1E7A4F7556}") = "IntegrationEvents.Infrastructure", "IntegrationEvents.Infrastructure\IntegrationEvents.Infrastructure.csproj", "{08B49F22-1F78-45AF-A201-4393E473CF14}"
EndProject
Project("{2150E333-8FDC-42A3-9474-1A3956D46DE8}") = "MasterData", "MasterData", "{ED4BC8EC-5C20-4250-B2DD-9FEAEF726D8E}"
EndProject
Project("{2150E333-8FDC-42A3-9474-1A3956D46DE8}") = "Tests", "Tests", "{1DEA9C4F-02C5-4D91-A6B4-F87421FDE638}"
EndProject
Project("{9A19103F-16F7-4668-BE54-9A1E7A4F7556}") = "MasterData.IntegrationTests", "MasterData.IntegrationTests\MasterData.IntegrationTests.csproj", "{0EA98CF7-1E71-4FFE-9825-A9EA22701E6D}"
EndProject
Project("{9A19103F-16F7-4668-BE54-9A1E7A4F7556}") = "MasterData.Interfaces", "MasterData.Interfaces\MasterData.Interfaces.csproj", "{03330B59-67CF-426E-AB61-1F87137E10F4}"
EndProject
Project("{2150E333-8FDC-42A3-9474-1A3956D46DE8}") = "Outbox", "Outbox", "{C31C36C8-7661-4782-9915-E8278CD4DFEA}"
EndProject
Project("{9A19103F-16F7-4668-BE54-9A1E7A4F7556}") = "Outbox.Infrastructure", "Outbox.Infrastructure\Outbox.Infrastructure.csproj", "{7F858416-5101-4CAE-A7CE-7C7DE65C7465}"
EndProject
Project("{2150E333-8FDC-42A3-9474-1A3956D46DE8}") = "OutgoingMessages", "OutgoingMessages", "{8282F8A9-6B99-459B-8147-5C300169EB41}"
EndProject
Project("{9A19103F-16F7-4668-BE54-9A1E7A4F7556}") = "OutgoingMessages.Application", "OutgoingMessages.Application\OutgoingMessages.Application.csproj", "{A4735A69-F758-4A77-87A6-5D24A0260909}"
EndProject
Project("{9A19103F-16F7-4668-BE54-9A1E7A4F7556}") = "OutgoingMessages.Domain", "OutgoingMessages.Domain\OutgoingMessages.Domain.csproj", "{487E03AA-80EA-45B6-BD7F-9DA0E12FEC37}"
EndProject
Project("{9A19103F-16F7-4668-BE54-9A1E7A4F7556}") = "OutgoingMessages.Infrastructure", "OutgoingMessages.Infrastructure\OutgoingMessages.Infrastructure.csproj", "{9D4A629E-A8DA-4767-BBAB-7F2EE6CD904D}"
EndProject
Project("{9A19103F-16F7-4668-BE54-9A1E7A4F7556}") = "OutgoingMessages.Interfaces", "OutgoingMessages.Interfaces\OutgoingMessages.Interfaces.csproj", "{D919C41E-07AB-4AE3-8A0C-12EF74C89574}"
EndProject
Project("{2150E333-8FDC-42A3-9474-1A3956D46DE8}") = "Process", "Process", "{77012E2E-5D2D-4266-93AE-536643E20392}"
EndProject
Project("{9A19103F-16F7-4668-BE54-9A1E7A4F7556}") = "Process.Application", "Process.Application\Process.Application.csproj", "{5EEECC66-558A-46B3-BE2A-690759698600}"
EndProject
Project("{9A19103F-16F7-4668-BE54-9A1E7A4F7556}") = "Process.Domain", "Process.Domain\Process.Domain.csproj", "{6DE655D9-C286-4995-88AC-6021A19C1A84}"
EndProject
Project("{9A19103F-16F7-4668-BE54-9A1E7A4F7556}") = "Process.Infrastructure", "Process.Infrastructure\Process.Infrastructure.csproj", "{F0808727-2D6D-4AD1-A24F-DE1D8B4F7866}"
EndProject
Project("{9A19103F-16F7-4668-BE54-9A1E7A4F7556}") = "Process.Interfaces", "Process.Interfaces\Process.Interfaces.csproj", "{A2D7233C-E51B-4FBE-9B85-83EE19A5DFA8}"
EndProject
Project("{2150E333-8FDC-42A3-9474-1A3956D46DE8}") = "_Tests", "_Tests", "{B154F1E0-7BBB-4098-9BC9-1D2EF1A4135E}"
EndProject
Project("{9A19103F-16F7-4668-BE54-9A1E7A4F7556}") = "ArchitectureTests", "ArchitectureTests\ArchitectureTests.csproj", "{48B196A1-F283-451E-A296-70A367C6A2BD}"
EndProject
Project("{9A19103F-16F7-4668-BE54-9A1E7A4F7556}") = "IntegrationTests", "IntegrationTests\IntegrationTests.csproj", "{E26CD062-577E-421E-A4A2-6B5DBB26E551}"
EndProject
Project("{9A19103F-16F7-4668-BE54-9A1E7A4F7556}") = "SubsystemTests", "SubsystemTests\SubsystemTests.csproj", "{BAED69A1-0B73-4044-9BBB-CAB48B16DF5D}"
EndProject
Project("{9A19103F-16F7-4668-BE54-9A1E7A4F7556}") = "SystemTests", "SystemTests\SystemTests.csproj", "{CD6B2364-1A8F-4DBF-B7B1-8D60B20895EE}"
EndProject
Project("{9A19103F-16F7-4668-BE54-9A1E7A4F7556}") = "Tests", "Tests\Tests.csproj", "{F58CCCCD-3A34-4079-9A6A-11D23436938D}"
EndProject
Project("{9A19103F-16F7-4668-BE54-9A1E7A4F7556}") = "AuditLog", "AuditLog\AuditLog.csproj", "{521250AF-9C9A-4460-8439-E9611FC769FF}"
EndProject
Project("{9A19103F-16F7-4668-BE54-9A1E7A4F7556}") = "Contracts", "Contracts\Contracts.csproj", "{11842B28-BDCE-4CBA-9955-456808FA82C2}"
EndProject
Project("{2150E333-8FDC-42A3-9474-1A3956D46DE8}") = "Documentation", "Documentation", "{F73E0AE8-0F91-4E9E-B36A-D79FA7AD66E3}"
	ProjectSection(SolutionItems) = preProject
		..\docs\ProcessManager.Client\Documentation.md = ..\docs\ProcessManager.Client\Documentation.md
	EndProjectSection
EndProject
Project("{2150E333-8FDC-42A3-9474-1A3956D46DE8}") = "ReleaseNotes", "ReleaseNotes", "{A24C9CBC-426A-424F-A794-50AAF38314A4}"
	ProjectSection(SolutionItems) = preProject
		..\docs\ProcessManager.Client\ReleaseNotes\ReleaseNotes.md = ..\docs\ProcessManager.Client\ReleaseNotes\ReleaseNotes.md
	EndProjectSection
EndProject
Project("{9A19103F-16F7-4668-BE54-9A1E7A4F7556}") = "Edi", "Edi\Edi.csproj", "{20FA7A8F-9CBB-4135-85BB-2C23CA2AC650}"
EndProject
Project("{9A19103F-16F7-4668-BE54-9A1E7A4F7556}") = "CalculationResults.Interfaces", "CalculationResults\CalculationResults.Interfaces\CalculationResults.Interfaces.csproj", "{D58DB602-43EF-411C-A8E7-912E54CFDFEA}"
EndProject
Project("{9A19103F-16F7-4668-BE54-9A1E7A4F7556}") = "CalculationResults.Infrastructure", "CalculationResults\CalculationResults.Infrastructure\CalculationResults.Infrastructure.csproj", "{4C0E9B87-7174-46A9-ADC2-C4E527035355}"
EndProject
Project("{9A19103F-16F7-4668-BE54-9A1E7A4F7556}") = "Edi.UnitTests", "Edi.UnitTests\Edi.UnitTests.csproj", "{443978E7-B03D-456B-968F-F7421BA00B1F}"
EndProject
Project("{9A19103F-16F7-4668-BE54-9A1E7A4F7556}") = "IncomingMessages.IntegrationTests", "IncomingMessages.IntegrationTests\IncomingMessages.IntegrationTests.csproj", "{89B6C3EC-F8BC-412F-BE6C-772EF32CDCC0}"
EndProject
Project("{2150E333-8FDC-42A3-9474-1A3956D46DE8}") = "Tests", "Tests", "{250825EE-BFD4-448C-BC57-EF8EBF2DC504}"
EndProject
Project("{2150E333-8FDC-42A3-9474-1A3956D46DE8}") = "Tests", "Tests", "{75A9EB8E-EEE3-443B-B497-F624E454DC22}"
EndProject
Project("{9A19103F-16F7-4668-BE54-9A1E7A4F7556}") = "OutgoingMessages.IntegrationTests", "OutgoingMessages.IntegrationTests\OutgoingMessages.IntegrationTests.csproj", "{96A9EED1-F2E3-4409-94EC-701BD5E5261F}"
EndProject
Project("{9A19103F-16F7-4668-BE54-9A1E7A4F7556}") = "ProcessManager.SubsystemTests", "ProcessManager.SubsystemTests\ProcessManager.SubsystemTests.csproj", "{DCF3843A-3F66-4A4F-B1FA-AF4BE9453D2C}"
EndProject
Project("{9A19103F-16F7-4668-BE54-9A1E7A4F7556}") = "ProcessManager.Client.Tests", "ProcessManager.Client.Tests\ProcessManager.Client.Tests.csproj", "{2A037A1D-4159-4EFB-B4EF-1FD603AEDA4E}"
EndProject
Project("{9A19103F-16F7-4668-BE54-9A1E7A4F7556}") = "ProcessManager.Tests", "ProcessManager.Tests\ProcessManager.Tests.csproj", "{866DFC4D-9E52-4DC9-B745-E47A2B12822F}"
EndProject
Project("{9A19103F-16F7-4668-BE54-9A1E7A4F7556}") = "ProcessManager.Core.Tests", "ProcessManager.Core.Tests\ProcessManager.Core.Tests.csproj", "{8E6CCEC1-0CD6-464B-A101-24E166715BD7}"
EndProject
Project("{9A19103F-16F7-4668-BE54-9A1E7A4F7556}") = "ProcessManager.Orchestrations.Tests", "ProcessManager.Orchestrations.Tests\ProcessManager.Orchestrations.Tests.csproj", "{6E524405-2B66-4563-B043-492DB8734060}"
EndProject
Project("{9A19103F-16F7-4668-BE54-9A1E7A4F7556}") = "MasterData.Infrastructure", "MasterData.Infrastructure\MasterData.Infrastructure.csproj", "{61571A46-1145-4FF9-9C91-47C33520B53A}"
EndProject
Project("{9A19103F-16F7-4668-BE54-9A1E7A4F7556}") = "MasterData.Application", "MasterData.Application\MasterData.Application.csproj", "{0E787394-5AD2-4920-900F-E802EDB726B6}"
EndProject
Project("{9A19103F-16F7-4668-BE54-9A1E7A4F7556}") = "MasterData.Domain", "MasterData.Domain\MasterData.Domain.csproj", "{4A238A51-ED28-4039-8046-ED7B1336C614}"
EndProject
Project("{9A19103F-16F7-4668-BE54-9A1E7A4F7556}") = "ArchivedMessages.Domain", "ArchivedMessages.Domain\ArchivedMessages.Domain.csproj", "{5DBB75FB-38DC-47ED-987B-255A2D48186C}"
EndProject
Global
	GlobalSection(SolutionConfigurationPlatforms) = preSolution
		Debug|Any CPU = Debug|Any CPU
		Release|Any CPU = Release|Any CPU
	EndGlobalSection
	GlobalSection(ProjectConfigurationPlatforms) = postSolution
		{FF1650B4-1FAF-4A94-8A77-DBDBFC5F2980}.Debug|Any CPU.ActiveCfg = Debug|Any CPU
		{FF1650B4-1FAF-4A94-8A77-DBDBFC5F2980}.Debug|Any CPU.Build.0 = Debug|Any CPU
		{FF1650B4-1FAF-4A94-8A77-DBDBFC5F2980}.Release|Any CPU.ActiveCfg = Release|Any CPU
		{FF1650B4-1FAF-4A94-8A77-DBDBFC5F2980}.Release|Any CPU.Build.0 = Release|Any CPU
		{A2696E70-DC9B-4A86-958B-70783B0E09EC}.Debug|Any CPU.ActiveCfg = Debug|Any CPU
		{A2696E70-DC9B-4A86-958B-70783B0E09EC}.Debug|Any CPU.Build.0 = Debug|Any CPU
		{A2696E70-DC9B-4A86-958B-70783B0E09EC}.Release|Any CPU.ActiveCfg = Release|Any CPU
		{A2696E70-DC9B-4A86-958B-70783B0E09EC}.Release|Any CPU.Build.0 = Release|Any CPU
		{6D38C81C-BD42-4795-95D2-3C7E858A75ED}.Debug|Any CPU.ActiveCfg = Debug|Any CPU
		{6D38C81C-BD42-4795-95D2-3C7E858A75ED}.Debug|Any CPU.Build.0 = Debug|Any CPU
		{6D38C81C-BD42-4795-95D2-3C7E858A75ED}.Release|Any CPU.ActiveCfg = Release|Any CPU
		{6D38C81C-BD42-4795-95D2-3C7E858A75ED}.Release|Any CPU.Build.0 = Release|Any CPU
		{EE52C2A5-8E6C-45CB-9245-63CB961899D0}.Debug|Any CPU.ActiveCfg = Debug|Any CPU
		{EE52C2A5-8E6C-45CB-9245-63CB961899D0}.Debug|Any CPU.Build.0 = Debug|Any CPU
		{EE52C2A5-8E6C-45CB-9245-63CB961899D0}.Release|Any CPU.ActiveCfg = Release|Any CPU
		{EE52C2A5-8E6C-45CB-9245-63CB961899D0}.Release|Any CPU.Build.0 = Release|Any CPU
		{1CAF9794-6FA0-487B-9950-41AB72A9E01F}.Debug|Any CPU.ActiveCfg = Debug|Any CPU
		{1CAF9794-6FA0-487B-9950-41AB72A9E01F}.Debug|Any CPU.Build.0 = Debug|Any CPU
		{1CAF9794-6FA0-487B-9950-41AB72A9E01F}.Release|Any CPU.ActiveCfg = Release|Any CPU
		{1CAF9794-6FA0-487B-9950-41AB72A9E01F}.Release|Any CPU.Build.0 = Release|Any CPU
		{283E19EE-1527-4C7B-9427-BE69066297B8}.Debug|Any CPU.ActiveCfg = Debug|Any CPU
		{283E19EE-1527-4C7B-9427-BE69066297B8}.Debug|Any CPU.Build.0 = Debug|Any CPU
		{283E19EE-1527-4C7B-9427-BE69066297B8}.Release|Any CPU.ActiveCfg = Release|Any CPU
		{283E19EE-1527-4C7B-9427-BE69066297B8}.Release|Any CPU.Build.0 = Release|Any CPU
		{2F7A2353-CF06-484B-9E59-D77E3B38E8A9}.Debug|Any CPU.ActiveCfg = Debug|Any CPU
		{2F7A2353-CF06-484B-9E59-D77E3B38E8A9}.Debug|Any CPU.Build.0 = Debug|Any CPU
		{2F7A2353-CF06-484B-9E59-D77E3B38E8A9}.Release|Any CPU.ActiveCfg = Release|Any CPU
		{2F7A2353-CF06-484B-9E59-D77E3B38E8A9}.Release|Any CPU.Build.0 = Release|Any CPU
		{AC42C9D6-ACD6-4A40-97D9-44439B139E6C}.Debug|Any CPU.ActiveCfg = Debug|Any CPU
		{AC42C9D6-ACD6-4A40-97D9-44439B139E6C}.Debug|Any CPU.Build.0 = Debug|Any CPU
		{AC42C9D6-ACD6-4A40-97D9-44439B139E6C}.Release|Any CPU.ActiveCfg = Release|Any CPU
		{AC42C9D6-ACD6-4A40-97D9-44439B139E6C}.Release|Any CPU.Build.0 = Release|Any CPU
		{3176F2D9-E5BC-41D9-B818-7AFBB8339B73}.Debug|Any CPU.ActiveCfg = Debug|Any CPU
		{3176F2D9-E5BC-41D9-B818-7AFBB8339B73}.Debug|Any CPU.Build.0 = Debug|Any CPU
		{3176F2D9-E5BC-41D9-B818-7AFBB8339B73}.Release|Any CPU.ActiveCfg = Release|Any CPU
		{3176F2D9-E5BC-41D9-B818-7AFBB8339B73}.Release|Any CPU.Build.0 = Release|Any CPU
		{215C4B68-40CD-41C5-A468-A03304F4FC2A}.Debug|Any CPU.ActiveCfg = Debug|Any CPU
		{215C4B68-40CD-41C5-A468-A03304F4FC2A}.Debug|Any CPU.Build.0 = Debug|Any CPU
		{215C4B68-40CD-41C5-A468-A03304F4FC2A}.Release|Any CPU.ActiveCfg = Release|Any CPU
		{215C4B68-40CD-41C5-A468-A03304F4FC2A}.Release|Any CPU.Build.0 = Release|Any CPU
		{B7ADCE18-1360-42DB-9430-0765B90DC0C5}.Debug|Any CPU.ActiveCfg = Debug|Any CPU
		{B7ADCE18-1360-42DB-9430-0765B90DC0C5}.Debug|Any CPU.Build.0 = Debug|Any CPU
		{B7ADCE18-1360-42DB-9430-0765B90DC0C5}.Release|Any CPU.ActiveCfg = Release|Any CPU
		{B7ADCE18-1360-42DB-9430-0765B90DC0C5}.Release|Any CPU.Build.0 = Release|Any CPU
		{2D5A2914-D482-497C-BED2-871DFDE44D93}.Debug|Any CPU.ActiveCfg = Debug|Any CPU
		{2D5A2914-D482-497C-BED2-871DFDE44D93}.Debug|Any CPU.Build.0 = Debug|Any CPU
		{2D5A2914-D482-497C-BED2-871DFDE44D93}.Release|Any CPU.ActiveCfg = Release|Any CPU
		{2D5A2914-D482-497C-BED2-871DFDE44D93}.Release|Any CPU.Build.0 = Release|Any CPU
		{52F72957-EE35-48DC-A94B-D1DE57EE7BF9}.Debug|Any CPU.ActiveCfg = Debug|Any CPU
		{52F72957-EE35-48DC-A94B-D1DE57EE7BF9}.Debug|Any CPU.Build.0 = Debug|Any CPU
		{52F72957-EE35-48DC-A94B-D1DE57EE7BF9}.Release|Any CPU.ActiveCfg = Release|Any CPU
		{52F72957-EE35-48DC-A94B-D1DE57EE7BF9}.Release|Any CPU.Build.0 = Release|Any CPU
		{B9FD2772-808A-4A8A-8716-8F70A45A1BED}.Debug|Any CPU.ActiveCfg = Debug|Any CPU
		{B9FD2772-808A-4A8A-8716-8F70A45A1BED}.Debug|Any CPU.Build.0 = Debug|Any CPU
		{B9FD2772-808A-4A8A-8716-8F70A45A1BED}.Release|Any CPU.ActiveCfg = Release|Any CPU
		{B9FD2772-808A-4A8A-8716-8F70A45A1BED}.Release|Any CPU.Build.0 = Release|Any CPU
		{EEFFC5AE-BBE3-433C-95DE-73CA2DAB0232}.Debug|Any CPU.ActiveCfg = Debug|Any CPU
		{EEFFC5AE-BBE3-433C-95DE-73CA2DAB0232}.Debug|Any CPU.Build.0 = Debug|Any CPU
		{EEFFC5AE-BBE3-433C-95DE-73CA2DAB0232}.Release|Any CPU.ActiveCfg = Release|Any CPU
		{EEFFC5AE-BBE3-433C-95DE-73CA2DAB0232}.Release|Any CPU.Build.0 = Release|Any CPU
		{80651503-CF8F-4B5D-A830-65A96C9430C3}.Debug|Any CPU.ActiveCfg = Debug|Any CPU
		{80651503-CF8F-4B5D-A830-65A96C9430C3}.Debug|Any CPU.Build.0 = Debug|Any CPU
		{80651503-CF8F-4B5D-A830-65A96C9430C3}.Release|Any CPU.ActiveCfg = Release|Any CPU
		{80651503-CF8F-4B5D-A830-65A96C9430C3}.Release|Any CPU.Build.0 = Release|Any CPU
		{B032AA0A-6B6E-4985-BAE3-0E4610D2C92F}.Debug|Any CPU.ActiveCfg = Debug|Any CPU
		{B032AA0A-6B6E-4985-BAE3-0E4610D2C92F}.Debug|Any CPU.Build.0 = Debug|Any CPU
		{B032AA0A-6B6E-4985-BAE3-0E4610D2C92F}.Release|Any CPU.ActiveCfg = Release|Any CPU
		{B032AA0A-6B6E-4985-BAE3-0E4610D2C92F}.Release|Any CPU.Build.0 = Release|Any CPU
		{67B4785A-97BE-4C6F-BD50-5CB95DF5D17B}.Debug|Any CPU.ActiveCfg = Debug|Any CPU
		{67B4785A-97BE-4C6F-BD50-5CB95DF5D17B}.Debug|Any CPU.Build.0 = Debug|Any CPU
		{67B4785A-97BE-4C6F-BD50-5CB95DF5D17B}.Release|Any CPU.ActiveCfg = Release|Any CPU
		{67B4785A-97BE-4C6F-BD50-5CB95DF5D17B}.Release|Any CPU.Build.0 = Release|Any CPU
		{0614AB97-E903-4B8F-BF27-988C6830AC5C}.Debug|Any CPU.ActiveCfg = Debug|Any CPU
		{0614AB97-E903-4B8F-BF27-988C6830AC5C}.Debug|Any CPU.Build.0 = Debug|Any CPU
		{0614AB97-E903-4B8F-BF27-988C6830AC5C}.Release|Any CPU.ActiveCfg = Release|Any CPU
		{0614AB97-E903-4B8F-BF27-988C6830AC5C}.Release|Any CPU.Build.0 = Release|Any CPU
		{82787CE2-DB77-45A3-897D-218FD120EBD6}.Debug|Any CPU.ActiveCfg = Debug|Any CPU
		{82787CE2-DB77-45A3-897D-218FD120EBD6}.Debug|Any CPU.Build.0 = Debug|Any CPU
		{82787CE2-DB77-45A3-897D-218FD120EBD6}.Release|Any CPU.ActiveCfg = Release|Any CPU
		{82787CE2-DB77-45A3-897D-218FD120EBD6}.Release|Any CPU.Build.0 = Release|Any CPU
		{1176FB95-1AF5-4FC5-8CA3-3FB72380D4B9}.Debug|Any CPU.ActiveCfg = Debug|Any CPU
		{1176FB95-1AF5-4FC5-8CA3-3FB72380D4B9}.Debug|Any CPU.Build.0 = Debug|Any CPU
		{1176FB95-1AF5-4FC5-8CA3-3FB72380D4B9}.Release|Any CPU.ActiveCfg = Release|Any CPU
		{1176FB95-1AF5-4FC5-8CA3-3FB72380D4B9}.Release|Any CPU.Build.0 = Release|Any CPU
		{E9D19C48-164D-42B1-8FD5-DE5A1C16FCDD}.Debug|Any CPU.ActiveCfg = Debug|Any CPU
		{E9D19C48-164D-42B1-8FD5-DE5A1C16FCDD}.Debug|Any CPU.Build.0 = Debug|Any CPU
		{E9D19C48-164D-42B1-8FD5-DE5A1C16FCDD}.Release|Any CPU.ActiveCfg = Release|Any CPU
		{E9D19C48-164D-42B1-8FD5-DE5A1C16FCDD}.Release|Any CPU.Build.0 = Release|Any CPU
		{C1456095-9A50-4F6D-B7D1-F80611471B23}.Debug|Any CPU.ActiveCfg = Debug|Any CPU
		{C1456095-9A50-4F6D-B7D1-F80611471B23}.Debug|Any CPU.Build.0 = Debug|Any CPU
		{C1456095-9A50-4F6D-B7D1-F80611471B23}.Release|Any CPU.ActiveCfg = Release|Any CPU
		{C1456095-9A50-4F6D-B7D1-F80611471B23}.Release|Any CPU.Build.0 = Release|Any CPU
		{0B2CA742-F795-4625-9CBA-0245B6CC6D90}.Debug|Any CPU.ActiveCfg = Debug|Any CPU
		{0B2CA742-F795-4625-9CBA-0245B6CC6D90}.Debug|Any CPU.Build.0 = Debug|Any CPU
		{0B2CA742-F795-4625-9CBA-0245B6CC6D90}.Release|Any CPU.ActiveCfg = Release|Any CPU
		{0B2CA742-F795-4625-9CBA-0245B6CC6D90}.Release|Any CPU.Build.0 = Release|Any CPU
		{A4B31BA6-ED49-4B0B-84AF-52ECC144B91D}.Debug|Any CPU.ActiveCfg = Debug|Any CPU
		{A4B31BA6-ED49-4B0B-84AF-52ECC144B91D}.Debug|Any CPU.Build.0 = Debug|Any CPU
		{A4B31BA6-ED49-4B0B-84AF-52ECC144B91D}.Release|Any CPU.ActiveCfg = Release|Any CPU
		{A4B31BA6-ED49-4B0B-84AF-52ECC144B91D}.Release|Any CPU.Build.0 = Release|Any CPU
		{8079DFC4-40C0-4CA5-AA7B-905853A61946}.Debug|Any CPU.ActiveCfg = Debug|Any CPU
		{8079DFC4-40C0-4CA5-AA7B-905853A61946}.Debug|Any CPU.Build.0 = Debug|Any CPU
		{8079DFC4-40C0-4CA5-AA7B-905853A61946}.Release|Any CPU.ActiveCfg = Release|Any CPU
		{8079DFC4-40C0-4CA5-AA7B-905853A61946}.Release|Any CPU.Build.0 = Release|Any CPU
		{08B49F22-1F78-45AF-A201-4393E473CF14}.Debug|Any CPU.ActiveCfg = Debug|Any CPU
		{08B49F22-1F78-45AF-A201-4393E473CF14}.Debug|Any CPU.Build.0 = Debug|Any CPU
		{08B49F22-1F78-45AF-A201-4393E473CF14}.Release|Any CPU.ActiveCfg = Release|Any CPU
		{08B49F22-1F78-45AF-A201-4393E473CF14}.Release|Any CPU.Build.0 = Release|Any CPU
		{0EA98CF7-1E71-4FFE-9825-A9EA22701E6D}.Debug|Any CPU.ActiveCfg = Debug|Any CPU
		{0EA98CF7-1E71-4FFE-9825-A9EA22701E6D}.Debug|Any CPU.Build.0 = Debug|Any CPU
		{0EA98CF7-1E71-4FFE-9825-A9EA22701E6D}.Release|Any CPU.ActiveCfg = Release|Any CPU
		{0EA98CF7-1E71-4FFE-9825-A9EA22701E6D}.Release|Any CPU.Build.0 = Release|Any CPU
		{03330B59-67CF-426E-AB61-1F87137E10F4}.Debug|Any CPU.ActiveCfg = Debug|Any CPU
		{03330B59-67CF-426E-AB61-1F87137E10F4}.Debug|Any CPU.Build.0 = Debug|Any CPU
		{03330B59-67CF-426E-AB61-1F87137E10F4}.Release|Any CPU.ActiveCfg = Release|Any CPU
		{03330B59-67CF-426E-AB61-1F87137E10F4}.Release|Any CPU.Build.0 = Release|Any CPU
		{7F858416-5101-4CAE-A7CE-7C7DE65C7465}.Debug|Any CPU.ActiveCfg = Debug|Any CPU
		{7F858416-5101-4CAE-A7CE-7C7DE65C7465}.Debug|Any CPU.Build.0 = Debug|Any CPU
		{7F858416-5101-4CAE-A7CE-7C7DE65C7465}.Release|Any CPU.ActiveCfg = Release|Any CPU
		{7F858416-5101-4CAE-A7CE-7C7DE65C7465}.Release|Any CPU.Build.0 = Release|Any CPU
		{A4735A69-F758-4A77-87A6-5D24A0260909}.Debug|Any CPU.ActiveCfg = Debug|Any CPU
		{A4735A69-F758-4A77-87A6-5D24A0260909}.Debug|Any CPU.Build.0 = Debug|Any CPU
		{A4735A69-F758-4A77-87A6-5D24A0260909}.Release|Any CPU.ActiveCfg = Release|Any CPU
		{A4735A69-F758-4A77-87A6-5D24A0260909}.Release|Any CPU.Build.0 = Release|Any CPU
		{487E03AA-80EA-45B6-BD7F-9DA0E12FEC37}.Debug|Any CPU.ActiveCfg = Debug|Any CPU
		{487E03AA-80EA-45B6-BD7F-9DA0E12FEC37}.Debug|Any CPU.Build.0 = Debug|Any CPU
		{487E03AA-80EA-45B6-BD7F-9DA0E12FEC37}.Release|Any CPU.ActiveCfg = Release|Any CPU
		{487E03AA-80EA-45B6-BD7F-9DA0E12FEC37}.Release|Any CPU.Build.0 = Release|Any CPU
		{9D4A629E-A8DA-4767-BBAB-7F2EE6CD904D}.Debug|Any CPU.ActiveCfg = Debug|Any CPU
		{9D4A629E-A8DA-4767-BBAB-7F2EE6CD904D}.Debug|Any CPU.Build.0 = Debug|Any CPU
		{9D4A629E-A8DA-4767-BBAB-7F2EE6CD904D}.Release|Any CPU.ActiveCfg = Release|Any CPU
		{9D4A629E-A8DA-4767-BBAB-7F2EE6CD904D}.Release|Any CPU.Build.0 = Release|Any CPU
		{D919C41E-07AB-4AE3-8A0C-12EF74C89574}.Debug|Any CPU.ActiveCfg = Debug|Any CPU
		{D919C41E-07AB-4AE3-8A0C-12EF74C89574}.Debug|Any CPU.Build.0 = Debug|Any CPU
		{D919C41E-07AB-4AE3-8A0C-12EF74C89574}.Release|Any CPU.ActiveCfg = Release|Any CPU
		{D919C41E-07AB-4AE3-8A0C-12EF74C89574}.Release|Any CPU.Build.0 = Release|Any CPU
		{5EEECC66-558A-46B3-BE2A-690759698600}.Debug|Any CPU.ActiveCfg = Debug|Any CPU
		{5EEECC66-558A-46B3-BE2A-690759698600}.Debug|Any CPU.Build.0 = Debug|Any CPU
		{5EEECC66-558A-46B3-BE2A-690759698600}.Release|Any CPU.ActiveCfg = Release|Any CPU
		{5EEECC66-558A-46B3-BE2A-690759698600}.Release|Any CPU.Build.0 = Release|Any CPU
		{6DE655D9-C286-4995-88AC-6021A19C1A84}.Debug|Any CPU.ActiveCfg = Debug|Any CPU
		{6DE655D9-C286-4995-88AC-6021A19C1A84}.Debug|Any CPU.Build.0 = Debug|Any CPU
		{6DE655D9-C286-4995-88AC-6021A19C1A84}.Release|Any CPU.ActiveCfg = Release|Any CPU
		{6DE655D9-C286-4995-88AC-6021A19C1A84}.Release|Any CPU.Build.0 = Release|Any CPU
		{F0808727-2D6D-4AD1-A24F-DE1D8B4F7866}.Debug|Any CPU.ActiveCfg = Debug|Any CPU
		{F0808727-2D6D-4AD1-A24F-DE1D8B4F7866}.Debug|Any CPU.Build.0 = Debug|Any CPU
		{F0808727-2D6D-4AD1-A24F-DE1D8B4F7866}.Release|Any CPU.ActiveCfg = Release|Any CPU
		{F0808727-2D6D-4AD1-A24F-DE1D8B4F7866}.Release|Any CPU.Build.0 = Release|Any CPU
		{A2D7233C-E51B-4FBE-9B85-83EE19A5DFA8}.Debug|Any CPU.ActiveCfg = Debug|Any CPU
		{A2D7233C-E51B-4FBE-9B85-83EE19A5DFA8}.Debug|Any CPU.Build.0 = Debug|Any CPU
		{A2D7233C-E51B-4FBE-9B85-83EE19A5DFA8}.Release|Any CPU.ActiveCfg = Release|Any CPU
		{A2D7233C-E51B-4FBE-9B85-83EE19A5DFA8}.Release|Any CPU.Build.0 = Release|Any CPU
		{48B196A1-F283-451E-A296-70A367C6A2BD}.Debug|Any CPU.ActiveCfg = Debug|Any CPU
		{48B196A1-F283-451E-A296-70A367C6A2BD}.Debug|Any CPU.Build.0 = Debug|Any CPU
		{48B196A1-F283-451E-A296-70A367C6A2BD}.Release|Any CPU.ActiveCfg = Release|Any CPU
		{48B196A1-F283-451E-A296-70A367C6A2BD}.Release|Any CPU.Build.0 = Release|Any CPU
		{E26CD062-577E-421E-A4A2-6B5DBB26E551}.Debug|Any CPU.ActiveCfg = Debug|Any CPU
		{E26CD062-577E-421E-A4A2-6B5DBB26E551}.Debug|Any CPU.Build.0 = Debug|Any CPU
		{E26CD062-577E-421E-A4A2-6B5DBB26E551}.Release|Any CPU.ActiveCfg = Release|Any CPU
		{E26CD062-577E-421E-A4A2-6B5DBB26E551}.Release|Any CPU.Build.0 = Release|Any CPU
		{BAED69A1-0B73-4044-9BBB-CAB48B16DF5D}.Debug|Any CPU.ActiveCfg = Debug|Any CPU
		{BAED69A1-0B73-4044-9BBB-CAB48B16DF5D}.Debug|Any CPU.Build.0 = Debug|Any CPU
		{BAED69A1-0B73-4044-9BBB-CAB48B16DF5D}.Release|Any CPU.ActiveCfg = Release|Any CPU
		{BAED69A1-0B73-4044-9BBB-CAB48B16DF5D}.Release|Any CPU.Build.0 = Release|Any CPU
		{CD6B2364-1A8F-4DBF-B7B1-8D60B20895EE}.Debug|Any CPU.ActiveCfg = Debug|Any CPU
		{CD6B2364-1A8F-4DBF-B7B1-8D60B20895EE}.Debug|Any CPU.Build.0 = Debug|Any CPU
		{CD6B2364-1A8F-4DBF-B7B1-8D60B20895EE}.Release|Any CPU.ActiveCfg = Release|Any CPU
		{CD6B2364-1A8F-4DBF-B7B1-8D60B20895EE}.Release|Any CPU.Build.0 = Release|Any CPU
		{F58CCCCD-3A34-4079-9A6A-11D23436938D}.Debug|Any CPU.ActiveCfg = Debug|Any CPU
		{F58CCCCD-3A34-4079-9A6A-11D23436938D}.Debug|Any CPU.Build.0 = Debug|Any CPU
		{F58CCCCD-3A34-4079-9A6A-11D23436938D}.Release|Any CPU.ActiveCfg = Release|Any CPU
		{F58CCCCD-3A34-4079-9A6A-11D23436938D}.Release|Any CPU.Build.0 = Release|Any CPU
		{521250AF-9C9A-4460-8439-E9611FC769FF}.Debug|Any CPU.ActiveCfg = Debug|Any CPU
		{521250AF-9C9A-4460-8439-E9611FC769FF}.Debug|Any CPU.Build.0 = Debug|Any CPU
		{521250AF-9C9A-4460-8439-E9611FC769FF}.Release|Any CPU.ActiveCfg = Release|Any CPU
		{521250AF-9C9A-4460-8439-E9611FC769FF}.Release|Any CPU.Build.0 = Release|Any CPU
		{11842B28-BDCE-4CBA-9955-456808FA82C2}.Debug|Any CPU.ActiveCfg = Debug|Any CPU
		{11842B28-BDCE-4CBA-9955-456808FA82C2}.Debug|Any CPU.Build.0 = Debug|Any CPU
		{11842B28-BDCE-4CBA-9955-456808FA82C2}.Release|Any CPU.ActiveCfg = Release|Any CPU
		{11842B28-BDCE-4CBA-9955-456808FA82C2}.Release|Any CPU.Build.0 = Release|Any CPU
		{20FA7A8F-9CBB-4135-85BB-2C23CA2AC650}.Debug|Any CPU.ActiveCfg = Debug|Any CPU
		{20FA7A8F-9CBB-4135-85BB-2C23CA2AC650}.Debug|Any CPU.Build.0 = Debug|Any CPU
		{20FA7A8F-9CBB-4135-85BB-2C23CA2AC650}.Release|Any CPU.ActiveCfg = Release|Any CPU
		{20FA7A8F-9CBB-4135-85BB-2C23CA2AC650}.Release|Any CPU.Build.0 = Release|Any CPU
		{D58DB602-43EF-411C-A8E7-912E54CFDFEA}.Debug|Any CPU.ActiveCfg = Debug|Any CPU
		{D58DB602-43EF-411C-A8E7-912E54CFDFEA}.Debug|Any CPU.Build.0 = Debug|Any CPU
		{D58DB602-43EF-411C-A8E7-912E54CFDFEA}.Release|Any CPU.ActiveCfg = Release|Any CPU
		{D58DB602-43EF-411C-A8E7-912E54CFDFEA}.Release|Any CPU.Build.0 = Release|Any CPU
		{4C0E9B87-7174-46A9-ADC2-C4E527035355}.Debug|Any CPU.ActiveCfg = Debug|Any CPU
		{4C0E9B87-7174-46A9-ADC2-C4E527035355}.Debug|Any CPU.Build.0 = Debug|Any CPU
		{4C0E9B87-7174-46A9-ADC2-C4E527035355}.Release|Any CPU.ActiveCfg = Release|Any CPU
		{4C0E9B87-7174-46A9-ADC2-C4E527035355}.Release|Any CPU.Build.0 = Release|Any CPU
		{443978E7-B03D-456B-968F-F7421BA00B1F}.Debug|Any CPU.ActiveCfg = Debug|Any CPU
		{443978E7-B03D-456B-968F-F7421BA00B1F}.Debug|Any CPU.Build.0 = Debug|Any CPU
		{443978E7-B03D-456B-968F-F7421BA00B1F}.Release|Any CPU.ActiveCfg = Release|Any CPU
		{443978E7-B03D-456B-968F-F7421BA00B1F}.Release|Any CPU.Build.0 = Release|Any CPU
		{89B6C3EC-F8BC-412F-BE6C-772EF32CDCC0}.Debug|Any CPU.ActiveCfg = Debug|Any CPU
		{89B6C3EC-F8BC-412F-BE6C-772EF32CDCC0}.Debug|Any CPU.Build.0 = Debug|Any CPU
		{89B6C3EC-F8BC-412F-BE6C-772EF32CDCC0}.Release|Any CPU.ActiveCfg = Release|Any CPU
		{89B6C3EC-F8BC-412F-BE6C-772EF32CDCC0}.Release|Any CPU.Build.0 = Release|Any CPU
		{96A9EED1-F2E3-4409-94EC-701BD5E5261F}.Debug|Any CPU.ActiveCfg = Debug|Any CPU
		{96A9EED1-F2E3-4409-94EC-701BD5E5261F}.Debug|Any CPU.Build.0 = Debug|Any CPU
		{96A9EED1-F2E3-4409-94EC-701BD5E5261F}.Release|Any CPU.ActiveCfg = Release|Any CPU
		{96A9EED1-F2E3-4409-94EC-701BD5E5261F}.Release|Any CPU.Build.0 = Release|Any CPU
		{DCF3843A-3F66-4A4F-B1FA-AF4BE9453D2C}.Debug|Any CPU.ActiveCfg = Debug|Any CPU
		{DCF3843A-3F66-4A4F-B1FA-AF4BE9453D2C}.Debug|Any CPU.Build.0 = Debug|Any CPU
		{DCF3843A-3F66-4A4F-B1FA-AF4BE9453D2C}.Release|Any CPU.ActiveCfg = Release|Any CPU
		{DCF3843A-3F66-4A4F-B1FA-AF4BE9453D2C}.Release|Any CPU.Build.0 = Release|Any CPU
		{2A037A1D-4159-4EFB-B4EF-1FD603AEDA4E}.Debug|Any CPU.ActiveCfg = Debug|Any CPU
		{2A037A1D-4159-4EFB-B4EF-1FD603AEDA4E}.Debug|Any CPU.Build.0 = Debug|Any CPU
		{2A037A1D-4159-4EFB-B4EF-1FD603AEDA4E}.Release|Any CPU.ActiveCfg = Release|Any CPU
		{2A037A1D-4159-4EFB-B4EF-1FD603AEDA4E}.Release|Any CPU.Build.0 = Release|Any CPU
		{866DFC4D-9E52-4DC9-B745-E47A2B12822F}.Debug|Any CPU.ActiveCfg = Debug|Any CPU
		{866DFC4D-9E52-4DC9-B745-E47A2B12822F}.Debug|Any CPU.Build.0 = Debug|Any CPU
		{866DFC4D-9E52-4DC9-B745-E47A2B12822F}.Release|Any CPU.ActiveCfg = Release|Any CPU
		{866DFC4D-9E52-4DC9-B745-E47A2B12822F}.Release|Any CPU.Build.0 = Release|Any CPU
		{8E6CCEC1-0CD6-464B-A101-24E166715BD7}.Debug|Any CPU.ActiveCfg = Debug|Any CPU
		{8E6CCEC1-0CD6-464B-A101-24E166715BD7}.Debug|Any CPU.Build.0 = Debug|Any CPU
		{8E6CCEC1-0CD6-464B-A101-24E166715BD7}.Release|Any CPU.ActiveCfg = Release|Any CPU
		{8E6CCEC1-0CD6-464B-A101-24E166715BD7}.Release|Any CPU.Build.0 = Release|Any CPU
		{6E524405-2B66-4563-B043-492DB8734060}.Debug|Any CPU.ActiveCfg = Debug|Any CPU
		{6E524405-2B66-4563-B043-492DB8734060}.Debug|Any CPU.Build.0 = Debug|Any CPU
		{6E524405-2B66-4563-B043-492DB8734060}.Release|Any CPU.ActiveCfg = Release|Any CPU
		{6E524405-2B66-4563-B043-492DB8734060}.Release|Any CPU.Build.0 = Release|Any CPU
		{61571A46-1145-4FF9-9C91-47C33520B53A}.Debug|Any CPU.ActiveCfg = Debug|Any CPU
		{61571A46-1145-4FF9-9C91-47C33520B53A}.Debug|Any CPU.Build.0 = Debug|Any CPU
		{61571A46-1145-4FF9-9C91-47C33520B53A}.Release|Any CPU.ActiveCfg = Release|Any CPU
		{61571A46-1145-4FF9-9C91-47C33520B53A}.Release|Any CPU.Build.0 = Release|Any CPU
		{0E787394-5AD2-4920-900F-E802EDB726B6}.Debug|Any CPU.ActiveCfg = Debug|Any CPU
		{0E787394-5AD2-4920-900F-E802EDB726B6}.Debug|Any CPU.Build.0 = Debug|Any CPU
		{0E787394-5AD2-4920-900F-E802EDB726B6}.Release|Any CPU.ActiveCfg = Release|Any CPU
		{0E787394-5AD2-4920-900F-E802EDB726B6}.Release|Any CPU.Build.0 = Release|Any CPU
		{4A238A51-ED28-4039-8046-ED7B1336C614}.Debug|Any CPU.ActiveCfg = Debug|Any CPU
		{4A238A51-ED28-4039-8046-ED7B1336C614}.Debug|Any CPU.Build.0 = Debug|Any CPU
		{4A238A51-ED28-4039-8046-ED7B1336C614}.Release|Any CPU.ActiveCfg = Release|Any CPU
		{4A238A51-ED28-4039-8046-ED7B1336C614}.Release|Any CPU.Build.0 = Release|Any CPU
		{5DBB75FB-38DC-47ED-987B-255A2D48186C}.Debug|Any CPU.ActiveCfg = Debug|Any CPU
		{5DBB75FB-38DC-47ED-987B-255A2D48186C}.Debug|Any CPU.Build.0 = Debug|Any CPU
		{5DBB75FB-38DC-47ED-987B-255A2D48186C}.Release|Any CPU.ActiveCfg = Release|Any CPU
		{5DBB75FB-38DC-47ED-987B-255A2D48186C}.Release|Any CPU.Build.0 = Release|Any CPU
	EndGlobalSection
	GlobalSection(SolutionProperties) = preSolution
		HideSolutionNode = FALSE
	EndGlobalSection
	GlobalSection(NestedProjects) = preSolution
		{46796033-3717-49E3-BDB2-212B65B3CAC1} = {CBA755F0-1F24-4057-829F-102DE46A19A7}
		{FF1650B4-1FAF-4A94-8A77-DBDBFC5F2980} = {51477591-692F-43D6-AD5A-171BDBF63387}
		{A2696E70-DC9B-4A86-958B-70783B0E09EC} = {5439BEE5-8AA2-4852-9C92-7245BEFF71D5}
		{51477591-692F-43D6-AD5A-171BDBF63387} = {CBA755F0-1F24-4057-829F-102DE46A19A7}
		{C80DEA07-3E11-43F5-A446-29293E81EC00} = {CBA755F0-1F24-4057-829F-102DE46A19A7}
		{5439BEE5-8AA2-4852-9C92-7245BEFF71D5} = {CBA755F0-1F24-4057-829F-102DE46A19A7}
		{CB5BA988-F92E-4A9F-B6CF-416E23DE1493} = {CBA755F0-1F24-4057-829F-102DE46A19A7}
		{6D38C81C-BD42-4795-95D2-3C7E858A75ED} = {C80DEA07-3E11-43F5-A446-29293E81EC00}
		{EE52C2A5-8E6C-45CB-9245-63CB961899D0} = {46796033-3717-49E3-BDB2-212B65B3CAC1}
		{4A59957F-21CA-4D10-914D-F088ACD27175} = {CBA755F0-1F24-4057-829F-102DE46A19A7}
		{1CAF9794-6FA0-487B-9950-41AB72A9E01F} = {5439BEE5-8AA2-4852-9C92-7245BEFF71D5}
		{EC2012DB-B2F7-4181-AFEB-06FB791F7C91} = {51477591-692F-43D6-AD5A-171BDBF63387}
		{A1D87C36-B279-40DB-8C75-B74453458A02} = {46796033-3717-49E3-BDB2-212B65B3CAC1}
		{9CB2AEDE-FAB7-405B-913F-3E7E673F962D} = {5439BEE5-8AA2-4852-9C92-7245BEFF71D5}
		{BF4FFF69-2FAA-4C40-A781-ABC5EABEA258} = {C80DEA07-3E11-43F5-A446-29293E81EC00}
		{A9FAFE99-471D-4D50-8A3C-A8495C372CD1} = {4A59957F-21CA-4D10-914D-F088ACD27175}
		{FC13BF16-B445-41F9-997B-DFA02C35DF32} = {CBA755F0-1F24-4057-829F-102DE46A19A7}
		{889EA99A-C74D-4920-93A8-D26231BE2CFE} = {5E56C03C-09BD-4F47-917E-4D5B03E4EE0E}
		{283E19EE-1527-4C7B-9427-BE69066297B8} = {889EA99A-C74D-4920-93A8-D26231BE2CFE}
		{2F7A2353-CF06-484B-9E59-D77E3B38E8A9} = {889EA99A-C74D-4920-93A8-D26231BE2CFE}
		{AC42C9D6-ACD6-4A40-97D9-44439B139E6C} = {889EA99A-C74D-4920-93A8-D26231BE2CFE}
		{4914CD1E-783A-40F3-9666-544120450FF0} = {889EA99A-C74D-4920-93A8-D26231BE2CFE}
		{3176F2D9-E5BC-41D9-B818-7AFBB8339B73} = {4914CD1E-783A-40F3-9666-544120450FF0}
		{215C4B68-40CD-41C5-A468-A03304F4FC2A} = {4914CD1E-783A-40F3-9666-544120450FF0}
		{0B7C34CA-1AC7-4D94-B44B-5357EFE13F88} = {5E56C03C-09BD-4F47-917E-4D5B03E4EE0E}
		{B7ADCE18-1360-42DB-9430-0765B90DC0C5} = {0B7C34CA-1AC7-4D94-B44B-5357EFE13F88}
		{2D5A2914-D482-497C-BED2-871DFDE44D93} = {0B7C34CA-1AC7-4D94-B44B-5357EFE13F88}
		{52F72957-EE35-48DC-A94B-D1DE57EE7BF9} = {0B7C34CA-1AC7-4D94-B44B-5357EFE13F88}
		{7ABC8A00-1DF4-4F08-AE09-0CED88BF9333} = {0B7C34CA-1AC7-4D94-B44B-5357EFE13F88}
		{B9FD2772-808A-4A8A-8716-8F70A45A1BED} = {7ABC8A00-1DF4-4F08-AE09-0CED88BF9333}
		{30FC3FED-C166-4F70-AE4E-EB337313CB28} = {5E56C03C-09BD-4F47-917E-4D5B03E4EE0E}
		{EEFFC5AE-BBE3-433C-95DE-73CA2DAB0232} = {30FC3FED-C166-4F70-AE4E-EB337313CB28}
		{80651503-CF8F-4B5D-A830-65A96C9430C3} = {30FC3FED-C166-4F70-AE4E-EB337313CB28}
		{B032AA0A-6B6E-4985-BAE3-0E4610D2C92F} = {30FC3FED-C166-4F70-AE4E-EB337313CB28}
		{67B4785A-97BE-4C6F-BD50-5CB95DF5D17B} = {30FC3FED-C166-4F70-AE4E-EB337313CB28}
		{06587BB9-AA0E-4AB1-BB18-3705B0FBD276} = {5E56C03C-09BD-4F47-917E-4D5B03E4EE0E}
		{0614AB97-E903-4B8F-BF27-988C6830AC5C} = {06587BB9-AA0E-4AB1-BB18-3705B0FBD276}
		{82787CE2-DB77-45A3-897D-218FD120EBD6} = {06587BB9-AA0E-4AB1-BB18-3705B0FBD276}
		{631F1E84-DFA2-4B0B-BDB4-1431D9D92652} = {5E56C03C-09BD-4F47-917E-4D5B03E4EE0E}
		{1176FB95-1AF5-4FC5-8CA3-3FB72380D4B9} = {631F1E84-DFA2-4B0B-BDB4-1431D9D92652}
		{E9D19C48-164D-42B1-8FD5-DE5A1C16FCDD} = {631F1E84-DFA2-4B0B-BDB4-1431D9D92652}
		{C1456095-9A50-4F6D-B7D1-F80611471B23} = {631F1E84-DFA2-4B0B-BDB4-1431D9D92652}
		{0B2CA742-F795-4625-9CBA-0245B6CC6D90} = {631F1E84-DFA2-4B0B-BDB4-1431D9D92652}
		{12D4FE03-9873-44C0-90D3-253A4AD7608E} = {5E56C03C-09BD-4F47-917E-4D5B03E4EE0E}
		{245D245E-C719-4690-BFC6-B7827DE55D79} = {12D4FE03-9873-44C0-90D3-253A4AD7608E}
		{A4B31BA6-ED49-4B0B-84AF-52ECC144B91D} = {245D245E-C719-4690-BFC6-B7827DE55D79}
		{8079DFC4-40C0-4CA5-AA7B-905853A61946} = {12D4FE03-9873-44C0-90D3-253A4AD7608E}
		{08B49F22-1F78-45AF-A201-4393E473CF14} = {12D4FE03-9873-44C0-90D3-253A4AD7608E}
		{ED4BC8EC-5C20-4250-B2DD-9FEAEF726D8E} = {5E56C03C-09BD-4F47-917E-4D5B03E4EE0E}
		{1DEA9C4F-02C5-4D91-A6B4-F87421FDE638} = {ED4BC8EC-5C20-4250-B2DD-9FEAEF726D8E}
		{0EA98CF7-1E71-4FFE-9825-A9EA22701E6D} = {1DEA9C4F-02C5-4D91-A6B4-F87421FDE638}
		{03330B59-67CF-426E-AB61-1F87137E10F4} = {ED4BC8EC-5C20-4250-B2DD-9FEAEF726D8E}
		{C31C36C8-7661-4782-9915-E8278CD4DFEA} = {5E56C03C-09BD-4F47-917E-4D5B03E4EE0E}
		{7F858416-5101-4CAE-A7CE-7C7DE65C7465} = {C31C36C8-7661-4782-9915-E8278CD4DFEA}
		{8282F8A9-6B99-459B-8147-5C300169EB41} = {5E56C03C-09BD-4F47-917E-4D5B03E4EE0E}
		{A4735A69-F758-4A77-87A6-5D24A0260909} = {8282F8A9-6B99-459B-8147-5C300169EB41}
		{487E03AA-80EA-45B6-BD7F-9DA0E12FEC37} = {8282F8A9-6B99-459B-8147-5C300169EB41}
		{9D4A629E-A8DA-4767-BBAB-7F2EE6CD904D} = {8282F8A9-6B99-459B-8147-5C300169EB41}
		{D919C41E-07AB-4AE3-8A0C-12EF74C89574} = {8282F8A9-6B99-459B-8147-5C300169EB41}
		{77012E2E-5D2D-4266-93AE-536643E20392} = {5E56C03C-09BD-4F47-917E-4D5B03E4EE0E}
		{5EEECC66-558A-46B3-BE2A-690759698600} = {77012E2E-5D2D-4266-93AE-536643E20392}
		{6DE655D9-C286-4995-88AC-6021A19C1A84} = {77012E2E-5D2D-4266-93AE-536643E20392}
		{F0808727-2D6D-4AD1-A24F-DE1D8B4F7866} = {77012E2E-5D2D-4266-93AE-536643E20392}
		{A2D7233C-E51B-4FBE-9B85-83EE19A5DFA8} = {77012E2E-5D2D-4266-93AE-536643E20392}
		{B154F1E0-7BBB-4098-9BC9-1D2EF1A4135E} = {5E56C03C-09BD-4F47-917E-4D5B03E4EE0E}
		{48B196A1-F283-451E-A296-70A367C6A2BD} = {B154F1E0-7BBB-4098-9BC9-1D2EF1A4135E}
		{E26CD062-577E-421E-A4A2-6B5DBB26E551} = {B154F1E0-7BBB-4098-9BC9-1D2EF1A4135E}
		{BAED69A1-0B73-4044-9BBB-CAB48B16DF5D} = {B154F1E0-7BBB-4098-9BC9-1D2EF1A4135E}
		{CD6B2364-1A8F-4DBF-B7B1-8D60B20895EE} = {B154F1E0-7BBB-4098-9BC9-1D2EF1A4135E}
		{F58CCCCD-3A34-4079-9A6A-11D23436938D} = {B154F1E0-7BBB-4098-9BC9-1D2EF1A4135E}
		{521250AF-9C9A-4460-8439-E9611FC769FF} = {5E56C03C-09BD-4F47-917E-4D5B03E4EE0E}
		{11842B28-BDCE-4CBA-9955-456808FA82C2} = {5E56C03C-09BD-4F47-917E-4D5B03E4EE0E}
		{F73E0AE8-0F91-4E9E-B36A-D79FA7AD66E3} = {51477591-692F-43D6-AD5A-171BDBF63387}
		{A24C9CBC-426A-424F-A794-50AAF38314A4} = {F73E0AE8-0F91-4E9E-B36A-D79FA7AD66E3}
		{20FA7A8F-9CBB-4135-85BB-2C23CA2AC650} = {5E56C03C-09BD-4F47-917E-4D5B03E4EE0E}
		{D58DB602-43EF-411C-A8E7-912E54CFDFEA} = {5E56C03C-09BD-4F47-917E-4D5B03E4EE0E}
		{4C0E9B87-7174-46A9-ADC2-C4E527035355} = {5E56C03C-09BD-4F47-917E-4D5B03E4EE0E}
		{443978E7-B03D-456B-968F-F7421BA00B1F} = {5E56C03C-09BD-4F47-917E-4D5B03E4EE0E}
		{89B6C3EC-F8BC-412F-BE6C-772EF32CDCC0} = {250825EE-BFD4-448C-BC57-EF8EBF2DC504}
		{250825EE-BFD4-448C-BC57-EF8EBF2DC504} = {631F1E84-DFA2-4B0B-BDB4-1431D9D92652}
		{75A9EB8E-EEE3-443B-B497-F624E454DC22} = {8282F8A9-6B99-459B-8147-5C300169EB41}
		{96A9EED1-F2E3-4409-94EC-701BD5E5261F} = {75A9EB8E-EEE3-443B-B497-F624E454DC22}
		{DCF3843A-3F66-4A4F-B1FA-AF4BE9453D2C} = {FC13BF16-B445-41F9-997B-DFA02C35DF32}
		{2A037A1D-4159-4EFB-B4EF-1FD603AEDA4E} = {EC2012DB-B2F7-4181-AFEB-06FB791F7C91}
		{866DFC4D-9E52-4DC9-B745-E47A2B12822F} = {A1D87C36-B279-40DB-8C75-B74453458A02}
		{8E6CCEC1-0CD6-464B-A101-24E166715BD7} = {9CB2AEDE-FAB7-405B-913F-3E7E673F962D}
		{6E524405-2B66-4563-B043-492DB8734060} = {BF4FFF69-2FAA-4C40-A781-ABC5EABEA258}
		{61571A46-1145-4FF9-9C91-47C33520B53A} = {ED4BC8EC-5C20-4250-B2DD-9FEAEF726D8E}
		{0E787394-5AD2-4920-900F-E802EDB726B6} = {ED4BC8EC-5C20-4250-B2DD-9FEAEF726D8E}
		{4A238A51-ED28-4039-8046-ED7B1336C614} = {ED4BC8EC-5C20-4250-B2DD-9FEAEF726D8E}
		{5DBB75FB-38DC-47ED-987B-255A2D48186C} = {0B7C34CA-1AC7-4D94-B44B-5357EFE13F88}
	EndGlobalSection
	GlobalSection(ExtensibilityGlobals) = postSolution
		SolutionGuid = {8C390B97-896A-4AAD-8609-3C20E80966D2}
	EndGlobalSection
EndGlobal
