
Microsoft Visual Studio Solution File, Format Version 12.00
# Visual Studio Version 17
VisualStudioVersion = 17.1.32328.378
MinimumVisualStudioVersion = 10.0.40219.1
Project("{9A19103F-16F7-4668-BE54-9A1E7A4F7556}") = "B2BApi", "B2BApi\B2BApi.csproj", "{B14EBA74-CCAF-4677-8AE5-A0F6302ED54C}"
EndProject
Project("{9A19103F-16F7-4668-BE54-9A1E7A4F7556}") = "IntegrationTests", "IntegrationTests\IntegrationTests.csproj", "{76FA7684-27E1-4022-9FB3-F72811E45C60}"
EndProject
Project("{9A19103F-16F7-4668-BE54-9A1E7A4F7556}") = "ArchitectureTests", "ArchitectureTests\ArchitectureTests.csproj", "{D0C39286-C7BE-4714-8CA1-5654B68A9529}"
EndProject
Project("{9A19103F-16F7-4668-BE54-9A1E7A4F7556}") = "Tests", "Tests\Tests.csproj", "{87BCDB76-76A4-46A3-9F67-571847541C90}"
EndProject
Project("{9A19103F-16F7-4668-BE54-9A1E7A4F7556}") = "ApplyDBMigrationsApp", "ApplyDBMigrationsApp\ApplyDBMigrationsApp.csproj", "{600E0CAA-23B7-493D-90D0-6DDA72104673}"
EndProject
Project("{2150E333-8FDC-42A3-9474-1A3956D46DE8}") = "Tests", "Tests", "{49203B33-3DA4-4FC2-B64F-4F351CF545C8}"
EndProject
Project("{9A19103F-16F7-4668-BE54-9A1E7A4F7556}") = "SubsystemTests", "SubsystemTests\SubsystemTests.csproj", "{2310420F-0099-4FB3-B46A-1A34E7A919F4}"
EndProject
Project("{2150E333-8FDC-42A3-9474-1A3956D46DE8}") = "Apps", "Apps", "{94212340-B43E-4FBB-A844-A86557DCBA72}"
EndProject
Project("{9A19103F-16F7-4668-BE54-9A1E7A4F7556}") = "B2CWebApi", "B2CWebApi\B2CWebApi.csproj", "{D7626626-631C-4CC6-BB7F-8552C4C3161D}"
EndProject
Project("{2150E333-8FDC-42A3-9474-1A3956D46DE8}") = "Process", "Process", "{5A28EDF0-FFE2-45D3-A9D6-B97CDE28F029}"
EndProject
Project("{9A19103F-16F7-4668-BE54-9A1E7A4F7556}") = "Process.Application", "Process.Application\Process.Application.csproj", "{D0D781AE-035F-4413-B603-8293BD46DF68}"
EndProject
Project("{9A19103F-16F7-4668-BE54-9A1E7A4F7556}") = "Process.Domain", "Process.Domain\Process.Domain.csproj", "{46E43B4A-C91F-43A5-B1E4-CC3D8B1714E6}"
EndProject
Project("{9A19103F-16F7-4668-BE54-9A1E7A4F7556}") = "Process.Infrastructure", "Process.Infrastructure\Process.Infrastructure.csproj", "{B17E4AB6-BD84-4DF4-9D51-D9C6CAA99AF6}"
EndProject
Project("{2150E333-8FDC-42A3-9474-1A3956D46DE8}") = "OutgoingMessages", "OutgoingMessages", "{8F3318C8-73AD-49B7-BE96-0F76E2A0B472}"
EndProject
Project("{9A19103F-16F7-4668-BE54-9A1E7A4F7556}") = "OutgoingMessages.Application", "OutgoingMessages.Application\OutgoingMessages.Application.csproj", "{306A3D36-30A1-4BDA-BA18-A7AAEA2DC2ED}"
EndProject
Project("{9A19103F-16F7-4668-BE54-9A1E7A4F7556}") = "OutgoingMessages.Domain", "OutgoingMessages.Domain\OutgoingMessages.Domain.csproj", "{AC4E69EC-D6F8-4229-9EAD-EA67979D0F3E}"
EndProject
Project("{9A19103F-16F7-4668-BE54-9A1E7A4F7556}") = "OutgoingMessages.Infrastructure", "OutgoingMessages.Infrastructure\OutgoingMessages.Infrastructure.csproj", "{CC07DBD6-D7E6-4D1B-A784-757B547D16F1}"
EndProject
Project("{9A19103F-16F7-4668-BE54-9A1E7A4F7556}") = "OutgoingMessages.Interfaces", "OutgoingMessages.Interfaces\OutgoingMessages.Interfaces.csproj", "{B94C8B3F-A3A3-4666-B0FD-1FF2BCED7613}"
EndProject
Project("{9A19103F-16F7-4668-BE54-9A1E7A4F7556}") = "Process.Interfaces", "Process.Interfaces\Process.Interfaces.csproj", "{AABD04CD-00B3-4CCA-A81E-26B83E63EF6C}"
EndProject
Project("{2150E333-8FDC-42A3-9474-1A3956D46DE8}") = "ArchivedMessages", "ArchivedMessages", "{6CF61246-046C-47F8-BE8B-C5BFFFB0811F}"
EndProject
Project("{9A19103F-16F7-4668-BE54-9A1E7A4F7556}") = "ArchivedMessages.Infrastructure", "ArchivedMessages.Infrastructure\ArchivedMessages.Infrastructure.csproj", "{5BBE0129-BBFF-4DE5-A129-479D0E8A72B4}"
EndProject
Project("{9A19103F-16F7-4668-BE54-9A1E7A4F7556}") = "ArchivedMessages.Application", "ArchivedMessages.Application\ArchivedMessages.Application.csproj", "{2B6909C3-956C-47F0-86DA-A34F9F9C62E6}"
EndProject
Project("{9A19103F-16F7-4668-BE54-9A1E7A4F7556}") = "ArchivedMessages.Interfaces", "ArchivedMessages.Interfaces\ArchivedMessages.Interfaces.csproj", "{96B37F47-6796-42E8-A806-A6978441C19C}"
EndProject
Project("{2150E333-8FDC-42A3-9474-1A3956D46DE8}") = "BuildingBlocks", "BuildingBlocks", "{F85C2695-FAD5-43E0-8518-087CCFD74836}"
EndProject
Project("{9A19103F-16F7-4668-BE54-9A1E7A4F7556}") = "BuildingBlocks.Infrastructure", "BuildingBlocks.Infrastructure\BuildingBlocks.Infrastructure.csproj", "{92089733-2480-4005-AC74-FB62DE59512D}"
EndProject
Project("{9A19103F-16F7-4668-BE54-9A1E7A4F7556}") = "BuildingBlocks.Domain", "BuildingBlocks.Domain\BuildingBlocks.Domain.csproj", "{A6B83394-BC7E-4C78-B47F-119B72E32679}"
EndProject
Project("{2150E333-8FDC-42A3-9474-1A3956D46DE8}") = "IncomingMessages", "IncomingMessages", "{3FC9CC69-7A56-4024-84F0-F4E81C1BEFDC}"
EndProject
Project("{9A19103F-16F7-4668-BE54-9A1E7A4F7556}") = "IncomingMessages.Infrastructure", "IncomingMessages.Infrastructure\IncomingMessages.Infrastructure.csproj", "{AC19B935-CD41-4DB6-A9C2-B35D51DDF246}"
EndProject
Project("{9A19103F-16F7-4668-BE54-9A1E7A4F7556}") = "IncomingMessages.Application", "IncomingMessages.Application\IncomingMessages.Application.csproj", "{3C0D1337-1A40-4232-A89B-9B6B9AC0FCDE}"
EndProject
Project("{9A19103F-16F7-4668-BE54-9A1E7A4F7556}") = "IncomingMessages.Interfaces", "IncomingMessages.Interfaces\IncomingMessages.Interfaces.csproj", "{FD487EAC-A6F3-49BF-A59D-B7A292178886}"
EndProject
Project("{9A19103F-16F7-4668-BE54-9A1E7A4F7556}") = "BuildingBlocks.Application", "BuildingBlocks.Application\BuildingBlocks.Application.csproj", "{9BF8B759-E734-4C39-984D-27F148D7A5FB}"
EndProject
Project("{2150E333-8FDC-42A3-9474-1A3956D46DE8}") = "MasterData", "MasterData", "{819E6A12-3F25-4639-BD1B-488921D60DC7}"
EndProject
Project("{9A19103F-16F7-4668-BE54-9A1E7A4F7556}") = "MasterData.Domain", "MasterData.Domain\MasterData.Domain.csproj", "{535421FA-4F87-461A-A5FB-0432325B8A46}"
EndProject
Project("{9A19103F-16F7-4668-BE54-9A1E7A4F7556}") = "MasterData.Infrastructure", "MasterData.Infrastructure\MasterData.Infrastructure.csproj", "{D998D908-C775-40E8-9603-1439A726A394}"
EndProject
Project("{9A19103F-16F7-4668-BE54-9A1E7A4F7556}") = "MasterData.Interfaces", "MasterData.Interfaces\MasterData.Interfaces.csproj", "{55D58519-8CCF-4CF8-8975-32D7F741E292}"
EndProject
Project("{9A19103F-16F7-4668-BE54-9A1E7A4F7556}") = "MasterData.Application", "MasterData.Application\MasterData.Application.csproj", "{FDD15418-B6A7-4157-B87A-4E48DAA94FEA}"
EndProject
Project("{2150E333-8FDC-42A3-9474-1A3956D46DE8}") = "IntegrationEvents", "IntegrationEvents", "{43960FA1-298B-474F-BA83-C317C4FD76E3}"
EndProject
Project("{2150E333-8FDC-42A3-9474-1A3956D46DE8}") = "DataAccess", "DataAccess", "{1C6AE199-73AE-4355-B745-10EC6CE7BD85}"
EndProject
Project("{9A19103F-16F7-4668-BE54-9A1E7A4F7556}") = "DataAccess", "DataAccess\DataAccess.csproj", "{A24ADE32-4199-4F73-B793-780BC944E21A}"
EndProject
Project("{9A19103F-16F7-4668-BE54-9A1E7A4F7556}") = "DataAccess.UnitOfWork", "DataAccess.UnitOfWork\DataAccess.UnitOfWork.csproj", "{E8758610-EA43-4B5C-B020-B073EAEE15C5}"
EndProject
Project("{9A19103F-16F7-4668-BE54-9A1E7A4F7556}") = "BuildingBlocks.Interfaces", "BuildingBlocks.Interfaces\BuildingBlocks.Interfaces.csproj", "{70F9A75A-29B5-48CF-9B8C-90CDAD0BFC42}"
EndProject
Project("{9A19103F-16F7-4668-BE54-9A1E7A4F7556}") = "IncomingMessages.Domain", "IncomingMessages.Domain\IncomingMessages.Domain.csproj", "{BE697DE7-36A9-426C-9047-B2A1599A83DA}"
EndProject
Project("{9A19103F-16F7-4668-BE54-9A1E7A4F7556}") = "IntegrationEvents.Application", "IntegrationEvents.Application\IntegrationEvents.Application.csproj", "{899DEB21-D7BF-4B0B-BDB3-601FC484545A}"
EndProject
Project("{9A19103F-16F7-4668-BE54-9A1E7A4F7556}") = "IntegrationEvents.Infrastructure", "IntegrationEvents.Infrastructure\IntegrationEvents.Infrastructure.csproj", "{E7AA0F39-FBC8-4EDF-8D3C-4D445DE52595}"
EndProject
Project("{9A19103F-16F7-4668-BE54-9A1E7A4F7556}") = "SystemTests", "SystemTests\SystemTests.csproj", "{FD20CD54-D099-45E4-87C6-FF78C43A19F9}"
EndProject
Project("{9A19103F-16F7-4668-BE54-9A1E7A4F7556}") = "B2BApi.AppTests", "B2BApi.AppTests\B2BApi.AppTests.csproj", "{81B1C1E2-7406-42D7-AC2C-460C7475B95C}"
EndProject
Project("{2150E333-8FDC-42A3-9474-1A3956D46DE8}") = "_ConfigurationFiles", "_ConfigurationFiles", "{CC2100D1-AA83-4C5C-8C76-9E5CED7CA5EF}"
	ProjectSection(SolutionItems) = preProject
		..\.editorconfig = ..\.editorconfig
		..\Directory.Build.props = ..\Directory.Build.props
		..\stylecop.json = ..\stylecop.json
	EndProjectSection
EndProject
Project("{FAE04EC0-301F-11D3-BF4B-00C04F79EFBC}") = "Contracts", "Contracts\Contracts.csproj", "{7608A813-6857-44CB-AD64-D2656D48E57C}"
EndProject
Project("{FAE04EC0-301F-11D3-BF4B-00C04F79EFBC}") = "AuditLog", "AuditLog\AuditLog.csproj", "{EEB2CF8D-204B-4A00-A678-74AB25850020}"
EndProject
Project("{FAE04EC0-301F-11D3-BF4B-00C04F79EFBC}") = "B2CWebApi.AppTests", "B2CWebApi.AppTests\B2CWebApi.AppTests.csproj", "{96200E35-A700-4237-99CF-71DF235BCE66}"
EndProject
Project("{2150E333-8FDC-42A3-9474-1A3956D46DE8}") = "Outbox", "Outbox", "{91A432F1-B66D-42DC-927A-C0739BBA5BB7}"
EndProject
Project("{FAE04EC0-301F-11D3-BF4B-00C04F79EFBC}") = "Outbox.Infrastructure", "Outbox.Infrastructure\Outbox.Infrastructure.csproj", "{534B030E-3850-4004-8FEF-1F541EC83E4E}"
EndProject
Project("{2150E333-8FDC-42A3-9474-1A3956D46DE8}") = "Tests", "Tests", "{2C913160-3AB3-45DC-B558-0D7D59E1550A}"
EndProject
Project("{FAE04EC0-301F-11D3-BF4B-00C04F79EFBC}") = "ArchivedMessages.IntegrationTests", "ArchivedMessages.IntegrationTests\ArchivedMessages.IntegrationTests.csproj", "{E2346172-856B-44F3-8B64-AADD08BBBEA3}"
EndProject
Project("{2150E333-8FDC-42A3-9474-1A3956D46DE8}") = "Tests", "Tests", "{18455100-41B7-4B88-B228-DE267E460DFF}"
EndProject
Project("{FAE04EC0-301F-11D3-BF4B-00C04F79EFBC}") = "MasterData.Integrationtests", "MasterData.Integrationtests\MasterData.Integrationtests.csproj", "{53FB8324-46B1-418F-9120-041DA95F2CF7}"
EndProject
Global
	GlobalSection(SolutionConfigurationPlatforms) = preSolution
		Debug|Any CPU = Debug|Any CPU
		Release|Any CPU = Release|Any CPU
	EndGlobalSection
	GlobalSection(ProjectConfigurationPlatforms) = postSolution
		{B14EBA74-CCAF-4677-8AE5-A0F6302ED54C}.Debug|Any CPU.ActiveCfg = Debug|Any CPU
		{B14EBA74-CCAF-4677-8AE5-A0F6302ED54C}.Debug|Any CPU.Build.0 = Debug|Any CPU
		{B14EBA74-CCAF-4677-8AE5-A0F6302ED54C}.Release|Any CPU.ActiveCfg = Release|Any CPU
		{B14EBA74-CCAF-4677-8AE5-A0F6302ED54C}.Release|Any CPU.Build.0 = Release|Any CPU
		{76FA7684-27E1-4022-9FB3-F72811E45C60}.Debug|Any CPU.ActiveCfg = Debug|Any CPU
		{76FA7684-27E1-4022-9FB3-F72811E45C60}.Debug|Any CPU.Build.0 = Debug|Any CPU
		{76FA7684-27E1-4022-9FB3-F72811E45C60}.Release|Any CPU.ActiveCfg = Release|Any CPU
		{76FA7684-27E1-4022-9FB3-F72811E45C60}.Release|Any CPU.Build.0 = Release|Any CPU
		{D0C39286-C7BE-4714-8CA1-5654B68A9529}.Debug|Any CPU.ActiveCfg = Debug|Any CPU
		{D0C39286-C7BE-4714-8CA1-5654B68A9529}.Debug|Any CPU.Build.0 = Debug|Any CPU
		{D0C39286-C7BE-4714-8CA1-5654B68A9529}.Release|Any CPU.ActiveCfg = Release|Any CPU
		{D0C39286-C7BE-4714-8CA1-5654B68A9529}.Release|Any CPU.Build.0 = Release|Any CPU
		{87BCDB76-76A4-46A3-9F67-571847541C90}.Debug|Any CPU.ActiveCfg = Debug|Any CPU
		{87BCDB76-76A4-46A3-9F67-571847541C90}.Debug|Any CPU.Build.0 = Debug|Any CPU
		{87BCDB76-76A4-46A3-9F67-571847541C90}.Release|Any CPU.ActiveCfg = Release|Any CPU
		{87BCDB76-76A4-46A3-9F67-571847541C90}.Release|Any CPU.Build.0 = Release|Any CPU
		{600E0CAA-23B7-493D-90D0-6DDA72104673}.Debug|Any CPU.ActiveCfg = Debug|Any CPU
		{600E0CAA-23B7-493D-90D0-6DDA72104673}.Debug|Any CPU.Build.0 = Debug|Any CPU
		{600E0CAA-23B7-493D-90D0-6DDA72104673}.Release|Any CPU.ActiveCfg = Release|Any CPU
		{600E0CAA-23B7-493D-90D0-6DDA72104673}.Release|Any CPU.Build.0 = Release|Any CPU
		{2310420F-0099-4FB3-B46A-1A34E7A919F4}.Debug|Any CPU.ActiveCfg = Debug|Any CPU
		{2310420F-0099-4FB3-B46A-1A34E7A919F4}.Debug|Any CPU.Build.0 = Debug|Any CPU
		{2310420F-0099-4FB3-B46A-1A34E7A919F4}.Release|Any CPU.ActiveCfg = Release|Any CPU
		{2310420F-0099-4FB3-B46A-1A34E7A919F4}.Release|Any CPU.Build.0 = Release|Any CPU
		{D7626626-631C-4CC6-BB7F-8552C4C3161D}.Debug|Any CPU.ActiveCfg = Debug|Any CPU
		{D7626626-631C-4CC6-BB7F-8552C4C3161D}.Debug|Any CPU.Build.0 = Debug|Any CPU
		{D7626626-631C-4CC6-BB7F-8552C4C3161D}.Release|Any CPU.ActiveCfg = Release|Any CPU
		{D7626626-631C-4CC6-BB7F-8552C4C3161D}.Release|Any CPU.Build.0 = Release|Any CPU
		{D0D781AE-035F-4413-B603-8293BD46DF68}.Debug|Any CPU.ActiveCfg = Debug|Any CPU
		{D0D781AE-035F-4413-B603-8293BD46DF68}.Debug|Any CPU.Build.0 = Debug|Any CPU
		{D0D781AE-035F-4413-B603-8293BD46DF68}.Release|Any CPU.ActiveCfg = Release|Any CPU
		{D0D781AE-035F-4413-B603-8293BD46DF68}.Release|Any CPU.Build.0 = Release|Any CPU
		{46E43B4A-C91F-43A5-B1E4-CC3D8B1714E6}.Debug|Any CPU.ActiveCfg = Debug|Any CPU
		{46E43B4A-C91F-43A5-B1E4-CC3D8B1714E6}.Debug|Any CPU.Build.0 = Debug|Any CPU
		{46E43B4A-C91F-43A5-B1E4-CC3D8B1714E6}.Release|Any CPU.ActiveCfg = Release|Any CPU
		{46E43B4A-C91F-43A5-B1E4-CC3D8B1714E6}.Release|Any CPU.Build.0 = Release|Any CPU
		{B17E4AB6-BD84-4DF4-9D51-D9C6CAA99AF6}.Debug|Any CPU.ActiveCfg = Debug|Any CPU
		{B17E4AB6-BD84-4DF4-9D51-D9C6CAA99AF6}.Debug|Any CPU.Build.0 = Debug|Any CPU
		{B17E4AB6-BD84-4DF4-9D51-D9C6CAA99AF6}.Release|Any CPU.ActiveCfg = Release|Any CPU
		{B17E4AB6-BD84-4DF4-9D51-D9C6CAA99AF6}.Release|Any CPU.Build.0 = Release|Any CPU
		{306A3D36-30A1-4BDA-BA18-A7AAEA2DC2ED}.Debug|Any CPU.ActiveCfg = Debug|Any CPU
		{306A3D36-30A1-4BDA-BA18-A7AAEA2DC2ED}.Debug|Any CPU.Build.0 = Debug|Any CPU
		{306A3D36-30A1-4BDA-BA18-A7AAEA2DC2ED}.Release|Any CPU.ActiveCfg = Release|Any CPU
		{306A3D36-30A1-4BDA-BA18-A7AAEA2DC2ED}.Release|Any CPU.Build.0 = Release|Any CPU
		{AC4E69EC-D6F8-4229-9EAD-EA67979D0F3E}.Debug|Any CPU.ActiveCfg = Debug|Any CPU
		{AC4E69EC-D6F8-4229-9EAD-EA67979D0F3E}.Debug|Any CPU.Build.0 = Debug|Any CPU
		{AC4E69EC-D6F8-4229-9EAD-EA67979D0F3E}.Release|Any CPU.ActiveCfg = Release|Any CPU
		{AC4E69EC-D6F8-4229-9EAD-EA67979D0F3E}.Release|Any CPU.Build.0 = Release|Any CPU
		{CC07DBD6-D7E6-4D1B-A784-757B547D16F1}.Debug|Any CPU.ActiveCfg = Debug|Any CPU
		{CC07DBD6-D7E6-4D1B-A784-757B547D16F1}.Debug|Any CPU.Build.0 = Debug|Any CPU
		{CC07DBD6-D7E6-4D1B-A784-757B547D16F1}.Release|Any CPU.ActiveCfg = Release|Any CPU
		{CC07DBD6-D7E6-4D1B-A784-757B547D16F1}.Release|Any CPU.Build.0 = Release|Any CPU
		{B94C8B3F-A3A3-4666-B0FD-1FF2BCED7613}.Debug|Any CPU.ActiveCfg = Debug|Any CPU
		{B94C8B3F-A3A3-4666-B0FD-1FF2BCED7613}.Debug|Any CPU.Build.0 = Debug|Any CPU
		{B94C8B3F-A3A3-4666-B0FD-1FF2BCED7613}.Release|Any CPU.ActiveCfg = Release|Any CPU
		{B94C8B3F-A3A3-4666-B0FD-1FF2BCED7613}.Release|Any CPU.Build.0 = Release|Any CPU
		{AABD04CD-00B3-4CCA-A81E-26B83E63EF6C}.Debug|Any CPU.ActiveCfg = Debug|Any CPU
		{AABD04CD-00B3-4CCA-A81E-26B83E63EF6C}.Debug|Any CPU.Build.0 = Debug|Any CPU
		{AABD04CD-00B3-4CCA-A81E-26B83E63EF6C}.Release|Any CPU.ActiveCfg = Release|Any CPU
		{AABD04CD-00B3-4CCA-A81E-26B83E63EF6C}.Release|Any CPU.Build.0 = Release|Any CPU
		{5BBE0129-BBFF-4DE5-A129-479D0E8A72B4}.Debug|Any CPU.ActiveCfg = Debug|Any CPU
		{5BBE0129-BBFF-4DE5-A129-479D0E8A72B4}.Debug|Any CPU.Build.0 = Debug|Any CPU
		{5BBE0129-BBFF-4DE5-A129-479D0E8A72B4}.Release|Any CPU.ActiveCfg = Release|Any CPU
		{5BBE0129-BBFF-4DE5-A129-479D0E8A72B4}.Release|Any CPU.Build.0 = Release|Any CPU
		{2B6909C3-956C-47F0-86DA-A34F9F9C62E6}.Debug|Any CPU.ActiveCfg = Debug|Any CPU
		{2B6909C3-956C-47F0-86DA-A34F9F9C62E6}.Debug|Any CPU.Build.0 = Debug|Any CPU
		{2B6909C3-956C-47F0-86DA-A34F9F9C62E6}.Release|Any CPU.ActiveCfg = Release|Any CPU
		{2B6909C3-956C-47F0-86DA-A34F9F9C62E6}.Release|Any CPU.Build.0 = Release|Any CPU
		{96B37F47-6796-42E8-A806-A6978441C19C}.Debug|Any CPU.ActiveCfg = Debug|Any CPU
		{96B37F47-6796-42E8-A806-A6978441C19C}.Debug|Any CPU.Build.0 = Debug|Any CPU
		{96B37F47-6796-42E8-A806-A6978441C19C}.Release|Any CPU.ActiveCfg = Release|Any CPU
		{96B37F47-6796-42E8-A806-A6978441C19C}.Release|Any CPU.Build.0 = Release|Any CPU
		{92089733-2480-4005-AC74-FB62DE59512D}.Debug|Any CPU.ActiveCfg = Debug|Any CPU
		{92089733-2480-4005-AC74-FB62DE59512D}.Debug|Any CPU.Build.0 = Debug|Any CPU
		{92089733-2480-4005-AC74-FB62DE59512D}.Release|Any CPU.ActiveCfg = Release|Any CPU
		{92089733-2480-4005-AC74-FB62DE59512D}.Release|Any CPU.Build.0 = Release|Any CPU
		{A6B83394-BC7E-4C78-B47F-119B72E32679}.Debug|Any CPU.ActiveCfg = Debug|Any CPU
		{A6B83394-BC7E-4C78-B47F-119B72E32679}.Debug|Any CPU.Build.0 = Debug|Any CPU
		{A6B83394-BC7E-4C78-B47F-119B72E32679}.Release|Any CPU.ActiveCfg = Release|Any CPU
		{A6B83394-BC7E-4C78-B47F-119B72E32679}.Release|Any CPU.Build.0 = Release|Any CPU
		{AC19B935-CD41-4DB6-A9C2-B35D51DDF246}.Debug|Any CPU.ActiveCfg = Debug|Any CPU
		{AC19B935-CD41-4DB6-A9C2-B35D51DDF246}.Debug|Any CPU.Build.0 = Debug|Any CPU
		{AC19B935-CD41-4DB6-A9C2-B35D51DDF246}.Release|Any CPU.ActiveCfg = Release|Any CPU
		{AC19B935-CD41-4DB6-A9C2-B35D51DDF246}.Release|Any CPU.Build.0 = Release|Any CPU
		{3C0D1337-1A40-4232-A89B-9B6B9AC0FCDE}.Debug|Any CPU.ActiveCfg = Debug|Any CPU
		{3C0D1337-1A40-4232-A89B-9B6B9AC0FCDE}.Debug|Any CPU.Build.0 = Debug|Any CPU
		{3C0D1337-1A40-4232-A89B-9B6B9AC0FCDE}.Release|Any CPU.ActiveCfg = Release|Any CPU
		{3C0D1337-1A40-4232-A89B-9B6B9AC0FCDE}.Release|Any CPU.Build.0 = Release|Any CPU
		{FD487EAC-A6F3-49BF-A59D-B7A292178886}.Debug|Any CPU.ActiveCfg = Debug|Any CPU
		{FD487EAC-A6F3-49BF-A59D-B7A292178886}.Debug|Any CPU.Build.0 = Debug|Any CPU
		{FD487EAC-A6F3-49BF-A59D-B7A292178886}.Release|Any CPU.ActiveCfg = Release|Any CPU
		{FD487EAC-A6F3-49BF-A59D-B7A292178886}.Release|Any CPU.Build.0 = Release|Any CPU
		{9BF8B759-E734-4C39-984D-27F148D7A5FB}.Debug|Any CPU.ActiveCfg = Debug|Any CPU
		{9BF8B759-E734-4C39-984D-27F148D7A5FB}.Debug|Any CPU.Build.0 = Debug|Any CPU
		{9BF8B759-E734-4C39-984D-27F148D7A5FB}.Release|Any CPU.ActiveCfg = Release|Any CPU
		{9BF8B759-E734-4C39-984D-27F148D7A5FB}.Release|Any CPU.Build.0 = Release|Any CPU
		{535421FA-4F87-461A-A5FB-0432325B8A46}.Debug|Any CPU.ActiveCfg = Debug|Any CPU
		{535421FA-4F87-461A-A5FB-0432325B8A46}.Debug|Any CPU.Build.0 = Debug|Any CPU
		{535421FA-4F87-461A-A5FB-0432325B8A46}.Release|Any CPU.ActiveCfg = Release|Any CPU
		{535421FA-4F87-461A-A5FB-0432325B8A46}.Release|Any CPU.Build.0 = Release|Any CPU
		{D998D908-C775-40E8-9603-1439A726A394}.Debug|Any CPU.ActiveCfg = Debug|Any CPU
		{D998D908-C775-40E8-9603-1439A726A394}.Debug|Any CPU.Build.0 = Debug|Any CPU
		{D998D908-C775-40E8-9603-1439A726A394}.Release|Any CPU.ActiveCfg = Release|Any CPU
		{D998D908-C775-40E8-9603-1439A726A394}.Release|Any CPU.Build.0 = Release|Any CPU
		{55D58519-8CCF-4CF8-8975-32D7F741E292}.Debug|Any CPU.ActiveCfg = Debug|Any CPU
		{55D58519-8CCF-4CF8-8975-32D7F741E292}.Debug|Any CPU.Build.0 = Debug|Any CPU
		{55D58519-8CCF-4CF8-8975-32D7F741E292}.Release|Any CPU.ActiveCfg = Release|Any CPU
		{55D58519-8CCF-4CF8-8975-32D7F741E292}.Release|Any CPU.Build.0 = Release|Any CPU
		{FDD15418-B6A7-4157-B87A-4E48DAA94FEA}.Debug|Any CPU.ActiveCfg = Debug|Any CPU
		{FDD15418-B6A7-4157-B87A-4E48DAA94FEA}.Debug|Any CPU.Build.0 = Debug|Any CPU
		{FDD15418-B6A7-4157-B87A-4E48DAA94FEA}.Release|Any CPU.ActiveCfg = Release|Any CPU
		{FDD15418-B6A7-4157-B87A-4E48DAA94FEA}.Release|Any CPU.Build.0 = Release|Any CPU
		{A24ADE32-4199-4F73-B793-780BC944E21A}.Debug|Any CPU.ActiveCfg = Debug|Any CPU
		{A24ADE32-4199-4F73-B793-780BC944E21A}.Debug|Any CPU.Build.0 = Debug|Any CPU
		{A24ADE32-4199-4F73-B793-780BC944E21A}.Release|Any CPU.ActiveCfg = Release|Any CPU
		{A24ADE32-4199-4F73-B793-780BC944E21A}.Release|Any CPU.Build.0 = Release|Any CPU
		{E8758610-EA43-4B5C-B020-B073EAEE15C5}.Debug|Any CPU.ActiveCfg = Debug|Any CPU
		{E8758610-EA43-4B5C-B020-B073EAEE15C5}.Debug|Any CPU.Build.0 = Debug|Any CPU
		{E8758610-EA43-4B5C-B020-B073EAEE15C5}.Release|Any CPU.ActiveCfg = Release|Any CPU
		{E8758610-EA43-4B5C-B020-B073EAEE15C5}.Release|Any CPU.Build.0 = Release|Any CPU
		{70F9A75A-29B5-48CF-9B8C-90CDAD0BFC42}.Debug|Any CPU.ActiveCfg = Debug|Any CPU
		{70F9A75A-29B5-48CF-9B8C-90CDAD0BFC42}.Debug|Any CPU.Build.0 = Debug|Any CPU
		{70F9A75A-29B5-48CF-9B8C-90CDAD0BFC42}.Release|Any CPU.ActiveCfg = Release|Any CPU
		{70F9A75A-29B5-48CF-9B8C-90CDAD0BFC42}.Release|Any CPU.Build.0 = Release|Any CPU
		{BE697DE7-36A9-426C-9047-B2A1599A83DA}.Debug|Any CPU.ActiveCfg = Debug|Any CPU
		{BE697DE7-36A9-426C-9047-B2A1599A83DA}.Debug|Any CPU.Build.0 = Debug|Any CPU
		{BE697DE7-36A9-426C-9047-B2A1599A83DA}.Release|Any CPU.ActiveCfg = Release|Any CPU
		{BE697DE7-36A9-426C-9047-B2A1599A83DA}.Release|Any CPU.Build.0 = Release|Any CPU
		{899DEB21-D7BF-4B0B-BDB3-601FC484545A}.Debug|Any CPU.ActiveCfg = Debug|Any CPU
		{899DEB21-D7BF-4B0B-BDB3-601FC484545A}.Debug|Any CPU.Build.0 = Debug|Any CPU
		{899DEB21-D7BF-4B0B-BDB3-601FC484545A}.Release|Any CPU.ActiveCfg = Release|Any CPU
		{899DEB21-D7BF-4B0B-BDB3-601FC484545A}.Release|Any CPU.Build.0 = Release|Any CPU
		{E7AA0F39-FBC8-4EDF-8D3C-4D445DE52595}.Debug|Any CPU.ActiveCfg = Debug|Any CPU
		{E7AA0F39-FBC8-4EDF-8D3C-4D445DE52595}.Debug|Any CPU.Build.0 = Debug|Any CPU
		{E7AA0F39-FBC8-4EDF-8D3C-4D445DE52595}.Release|Any CPU.ActiveCfg = Release|Any CPU
		{E7AA0F39-FBC8-4EDF-8D3C-4D445DE52595}.Release|Any CPU.Build.0 = Release|Any CPU
		{FD20CD54-D099-45E4-87C6-FF78C43A19F9}.Debug|Any CPU.ActiveCfg = Debug|Any CPU
		{FD20CD54-D099-45E4-87C6-FF78C43A19F9}.Debug|Any CPU.Build.0 = Debug|Any CPU
		{FD20CD54-D099-45E4-87C6-FF78C43A19F9}.Release|Any CPU.ActiveCfg = Release|Any CPU
		{FD20CD54-D099-45E4-87C6-FF78C43A19F9}.Release|Any CPU.Build.0 = Release|Any CPU
		{81B1C1E2-7406-42D7-AC2C-460C7475B95C}.Debug|Any CPU.ActiveCfg = Debug|Any CPU
		{81B1C1E2-7406-42D7-AC2C-460C7475B95C}.Debug|Any CPU.Build.0 = Debug|Any CPU
		{81B1C1E2-7406-42D7-AC2C-460C7475B95C}.Release|Any CPU.ActiveCfg = Release|Any CPU
		{81B1C1E2-7406-42D7-AC2C-460C7475B95C}.Release|Any CPU.Build.0 = Release|Any CPU
		{7608A813-6857-44CB-AD64-D2656D48E57C}.Debug|Any CPU.ActiveCfg = Debug|Any CPU
		{7608A813-6857-44CB-AD64-D2656D48E57C}.Debug|Any CPU.Build.0 = Debug|Any CPU
		{7608A813-6857-44CB-AD64-D2656D48E57C}.Release|Any CPU.ActiveCfg = Release|Any CPU
		{7608A813-6857-44CB-AD64-D2656D48E57C}.Release|Any CPU.Build.0 = Release|Any CPU
		{EEB2CF8D-204B-4A00-A678-74AB25850020}.Debug|Any CPU.ActiveCfg = Debug|Any CPU
		{EEB2CF8D-204B-4A00-A678-74AB25850020}.Debug|Any CPU.Build.0 = Debug|Any CPU
		{EEB2CF8D-204B-4A00-A678-74AB25850020}.Release|Any CPU.ActiveCfg = Release|Any CPU
		{EEB2CF8D-204B-4A00-A678-74AB25850020}.Release|Any CPU.Build.0 = Release|Any CPU
		{96200E35-A700-4237-99CF-71DF235BCE66}.Debug|Any CPU.ActiveCfg = Debug|Any CPU
		{96200E35-A700-4237-99CF-71DF235BCE66}.Debug|Any CPU.Build.0 = Debug|Any CPU
		{96200E35-A700-4237-99CF-71DF235BCE66}.Release|Any CPU.ActiveCfg = Release|Any CPU
		{96200E35-A700-4237-99CF-71DF235BCE66}.Release|Any CPU.Build.0 = Release|Any CPU
		{534B030E-3850-4004-8FEF-1F541EC83E4E}.Debug|Any CPU.ActiveCfg = Debug|Any CPU
		{534B030E-3850-4004-8FEF-1F541EC83E4E}.Debug|Any CPU.Build.0 = Debug|Any CPU
		{534B030E-3850-4004-8FEF-1F541EC83E4E}.Release|Any CPU.ActiveCfg = Release|Any CPU
		{534B030E-3850-4004-8FEF-1F541EC83E4E}.Release|Any CPU.Build.0 = Release|Any CPU
		{E2346172-856B-44F3-8B64-AADD08BBBEA3}.Debug|Any CPU.ActiveCfg = Debug|Any CPU
		{E2346172-856B-44F3-8B64-AADD08BBBEA3}.Debug|Any CPU.Build.0 = Debug|Any CPU
		{E2346172-856B-44F3-8B64-AADD08BBBEA3}.Release|Any CPU.ActiveCfg = Release|Any CPU
		{E2346172-856B-44F3-8B64-AADD08BBBEA3}.Release|Any CPU.Build.0 = Release|Any CPU
		{53FB8324-46B1-418F-9120-041DA95F2CF7}.Debug|Any CPU.ActiveCfg = Debug|Any CPU
		{53FB8324-46B1-418F-9120-041DA95F2CF7}.Debug|Any CPU.Build.0 = Debug|Any CPU
		{53FB8324-46B1-418F-9120-041DA95F2CF7}.Release|Any CPU.ActiveCfg = Release|Any CPU
		{53FB8324-46B1-418F-9120-041DA95F2CF7}.Release|Any CPU.Build.0 = Release|Any CPU
	EndGlobalSection
	GlobalSection(SolutionProperties) = preSolution
		HideSolutionNode = FALSE
	EndGlobalSection
	GlobalSection(NestedProjects) = preSolution
		{B14EBA74-CCAF-4677-8AE5-A0F6302ED54C} = {94212340-B43E-4FBB-A844-A86557DCBA72}
		{76FA7684-27E1-4022-9FB3-F72811E45C60} = {49203B33-3DA4-4FC2-B64F-4F351CF545C8}
		{D0C39286-C7BE-4714-8CA1-5654B68A9529} = {49203B33-3DA4-4FC2-B64F-4F351CF545C8}
		{87BCDB76-76A4-46A3-9F67-571847541C90} = {49203B33-3DA4-4FC2-B64F-4F351CF545C8}
		{600E0CAA-23B7-493D-90D0-6DDA72104673} = {94212340-B43E-4FBB-A844-A86557DCBA72}
		{2310420F-0099-4FB3-B46A-1A34E7A919F4} = {49203B33-3DA4-4FC2-B64F-4F351CF545C8}
		{D7626626-631C-4CC6-BB7F-8552C4C3161D} = {94212340-B43E-4FBB-A844-A86557DCBA72}
		{D0D781AE-035F-4413-B603-8293BD46DF68} = {5A28EDF0-FFE2-45D3-A9D6-B97CDE28F029}
		{46E43B4A-C91F-43A5-B1E4-CC3D8B1714E6} = {5A28EDF0-FFE2-45D3-A9D6-B97CDE28F029}
		{B17E4AB6-BD84-4DF4-9D51-D9C6CAA99AF6} = {5A28EDF0-FFE2-45D3-A9D6-B97CDE28F029}
		{306A3D36-30A1-4BDA-BA18-A7AAEA2DC2ED} = {8F3318C8-73AD-49B7-BE96-0F76E2A0B472}
		{AC4E69EC-D6F8-4229-9EAD-EA67979D0F3E} = {8F3318C8-73AD-49B7-BE96-0F76E2A0B472}
		{CC07DBD6-D7E6-4D1B-A784-757B547D16F1} = {8F3318C8-73AD-49B7-BE96-0F76E2A0B472}
		{B94C8B3F-A3A3-4666-B0FD-1FF2BCED7613} = {8F3318C8-73AD-49B7-BE96-0F76E2A0B472}
		{AABD04CD-00B3-4CCA-A81E-26B83E63EF6C} = {5A28EDF0-FFE2-45D3-A9D6-B97CDE28F029}
		{5BBE0129-BBFF-4DE5-A129-479D0E8A72B4} = {6CF61246-046C-47F8-BE8B-C5BFFFB0811F}
		{2B6909C3-956C-47F0-86DA-A34F9F9C62E6} = {6CF61246-046C-47F8-BE8B-C5BFFFB0811F}
		{96B37F47-6796-42E8-A806-A6978441C19C} = {6CF61246-046C-47F8-BE8B-C5BFFFB0811F}
		{92089733-2480-4005-AC74-FB62DE59512D} = {F85C2695-FAD5-43E0-8518-087CCFD74836}
		{A6B83394-BC7E-4C78-B47F-119B72E32679} = {F85C2695-FAD5-43E0-8518-087CCFD74836}
		{AC19B935-CD41-4DB6-A9C2-B35D51DDF246} = {3FC9CC69-7A56-4024-84F0-F4E81C1BEFDC}
		{3C0D1337-1A40-4232-A89B-9B6B9AC0FCDE} = {3FC9CC69-7A56-4024-84F0-F4E81C1BEFDC}
		{FD487EAC-A6F3-49BF-A59D-B7A292178886} = {3FC9CC69-7A56-4024-84F0-F4E81C1BEFDC}
		{9BF8B759-E734-4C39-984D-27F148D7A5FB} = {F85C2695-FAD5-43E0-8518-087CCFD74836}
		{535421FA-4F87-461A-A5FB-0432325B8A46} = {819E6A12-3F25-4639-BD1B-488921D60DC7}
		{D998D908-C775-40E8-9603-1439A726A394} = {819E6A12-3F25-4639-BD1B-488921D60DC7}
		{55D58519-8CCF-4CF8-8975-32D7F741E292} = {819E6A12-3F25-4639-BD1B-488921D60DC7}
		{FDD15418-B6A7-4157-B87A-4E48DAA94FEA} = {819E6A12-3F25-4639-BD1B-488921D60DC7}
		{A24ADE32-4199-4F73-B793-780BC944E21A} = {1C6AE199-73AE-4355-B745-10EC6CE7BD85}
		{E8758610-EA43-4B5C-B020-B073EAEE15C5} = {1C6AE199-73AE-4355-B745-10EC6CE7BD85}
		{70F9A75A-29B5-48CF-9B8C-90CDAD0BFC42} = {F85C2695-FAD5-43E0-8518-087CCFD74836}
		{BE697DE7-36A9-426C-9047-B2A1599A83DA} = {3FC9CC69-7A56-4024-84F0-F4E81C1BEFDC}
		{899DEB21-D7BF-4B0B-BDB3-601FC484545A} = {43960FA1-298B-474F-BA83-C317C4FD76E3}
		{E7AA0F39-FBC8-4EDF-8D3C-4D445DE52595} = {43960FA1-298B-474F-BA83-C317C4FD76E3}
		{FD20CD54-D099-45E4-87C6-FF78C43A19F9} = {49203B33-3DA4-4FC2-B64F-4F351CF545C8}
		{81B1C1E2-7406-42D7-AC2C-460C7475B95C} = {49203B33-3DA4-4FC2-B64F-4F351CF545C8}
		{96200E35-A700-4237-99CF-71DF235BCE66} = {49203B33-3DA4-4FC2-B64F-4F351CF545C8}
		{534B030E-3850-4004-8FEF-1F541EC83E4E} = {91A432F1-B66D-42DC-927A-C0739BBA5BB7}
		{2C913160-3AB3-45DC-B558-0D7D59E1550A} = {6CF61246-046C-47F8-BE8B-C5BFFFB0811F}
		{E2346172-856B-44F3-8B64-AADD08BBBEA3} = {2C913160-3AB3-45DC-B558-0D7D59E1550A}
		{18455100-41B7-4B88-B228-DE267E460DFF} = {819E6A12-3F25-4639-BD1B-488921D60DC7}
		{53FB8324-46B1-418F-9120-041DA95F2CF7} = {18455100-41B7-4B88-B228-DE267E460DFF}
	EndGlobalSection
	GlobalSection(ExtensibilityGlobals) = postSolution
		SolutionGuid = {D7925810-FA85-4F9E-A124-72F36BAEB9F0}
	EndGlobalSection
EndGlobal
