
Microsoft Visual Studio Solution File, Format Version 12.00
# Visual Studio Version 17
VisualStudioVersion = 17.1.32328.378
MinimumVisualStudioVersion = 10.0.40219.1
Project("{9A19103F-16F7-4668-BE54-9A1E7A4F7556}") = "Processing.Api", "Processing.Api\Processing.Api.csproj", "{1A274305-4886-43D0-8A1C-D249DAEEC028}"
EndProject
Project("{2150E333-8FDC-42A3-9474-1A3956D46DE8}") = "EntryPoints", "EntryPoints", "{FD29AEE1-CB22-41FD-A875-1E99C4D5D81C}"
EndProject
Project("{9A19103F-16F7-4668-BE54-9A1E7A4F7556}") = "Processing.Application", "Processing.Application\Processing.Application.csproj", "{A39FBB1C-52A5-4197-853E-2F97A475C111}"
EndProject
Project("{9A19103F-16F7-4668-BE54-9A1E7A4F7556}") = "Processing.Tests", "Processing.Tests\Processing.Tests.csproj", "{4D32E38C-3001-43F5-824E-C271685521F0}"
EndProject
Project("{9A19103F-16F7-4668-BE54-9A1E7A4F7556}") = "Energinet.DataHub.MarketRoles.EntryPoints.Common", "Energinet.DataHub.MarketRoles.EntryPoints.Common\Energinet.DataHub.MarketRoles.EntryPoints.Common.csproj", "{CAD21241-8CA0-4E1E-BE4C-7C2F902B138F}"
EndProject
Project("{9A19103F-16F7-4668-BE54-9A1E7A4F7556}") = "Processing.Infrastructure", "Processing.Infrastructure\Processing.Infrastructure.csproj", "{79DE71D0-7AA6-4B96-AB44-85F4C621608E}"
EndProject
Project("{9A19103F-16F7-4668-BE54-9A1E7A4F7556}") = "Processing.IntegrationTests", "Processing.IntegrationTests\Processing.IntegrationTests.csproj", "{3801DF77-3A40-460C-9529-7AD9422037B0}"
EndProject
Project("{9A19103F-16F7-4668-BE54-9A1E7A4F7556}") = "Processing.Domain", "Processing.Domain\Processing.Domain.csproj", "{87D55C95-0790-42A1-B543-AF27BF2E0950}"
EndProject
Project("{9A19103F-16F7-4668-BE54-9A1E7A4F7556}") = "Energinet.DataHub.MarketRoles.ApplyDBMigrationsApp", "Energinet.DataHub.MarketRoles.ApplyDBMigrationsApp\Energinet.DataHub.MarketRoles.ApplyDBMigrationsApp.csproj", "{2B806039-5BCF-4768-95FE-56778403E64D}"
EndProject
Project("{9A19103F-16F7-4668-BE54-9A1E7A4F7556}") = "Messaging.CimMessageAdapter", "Messaging.CimMessageAdapter\Messaging.CimMessageAdapter.csproj", "{27395443-B503-4A4A-B9F1-01C3F9C75222}"
EndProject
Project("{2150E333-8FDC-42A3-9474-1A3956D46DE8}") = "B2B", "B2B", "{1C877C68-8E3D-4371-B96A-7360850A538E}"
EndProject
Project("{9A19103F-16F7-4668-BE54-9A1E7A4F7556}") = "Messaging.Api", "Messaging.Api\Messaging.Api.csproj", "{B14EBA74-CCAF-4677-8AE5-A0F6302ED54C}"
EndProject
Project("{9A19103F-16F7-4668-BE54-9A1E7A4F7556}") = "Messaging.IntegrationTests", "Messaging.IntegrationTests\Messaging.IntegrationTests.csproj", "{76FA7684-27E1-4022-9FB3-F72811E45C60}"
EndProject
Project("{9A19103F-16F7-4668-BE54-9A1E7A4F7556}") = "Messaging.Application", "Messaging.Application\Messaging.Application.csproj", "{FB4D9AE5-FCF2-442D-97EC-8AED1F9DDD2E}"
EndProject
Project("{9A19103F-16F7-4668-BE54-9A1E7A4F7556}") = "Messaging.Infrastructure", "Messaging.Infrastructure\Messaging.Infrastructure.csproj", "{8B1DCD6E-013F-4B45-B9EB-167F1D874793}"
EndProject
Project("{9A19103F-16F7-4668-BE54-9A1E7A4F7556}") = "Messaging.ArchitectureTests", "Messaging.ArchitectureTests\Messaging.ArchitectureTests.csproj", "{D0C39286-C7BE-4714-8CA1-5654B68A9529}"
EndProject
Project("{9A19103F-16F7-4668-BE54-9A1E7A4F7556}") = "Messaging.Tests", "Messaging.Tests\Messaging.Tests.csproj", "{87BCDB76-76A4-46A3-9F67-571847541C90}"
EndProject
Project("{2150E333-8FDC-42A3-9474-1A3956D46DE8}") = "BusinessProcessing", "BusinessProcessing", "{582BFE4E-BBFB-4CBE-840D-2F97C2BA1D3C}"
EndProject
Project("{9A19103F-16F7-4668-BE54-9A1E7A4F7556}") = "Contracts", "Contracts\Contracts.csproj", "{4AA95CA9-C2EB-4F47-88D5-8E320F62142C}"
EndProject
Project("{9A19103F-16F7-4668-BE54-9A1E7A4F7556}") = "Processing.ArchitectureTests", "Processing.ArchitectureTests\Processing.ArchitectureTests.csproj", "{0229A857-9C48-4D36-A4DF-6576FC6692EF}"
EndProject
Project("{9A19103F-16F7-4668-BE54-9A1E7A4F7556}") = "Messaging.Domain", "Messaging.Domain\Messaging.Domain.csproj", "{093FBBA9-B7CF-411E-93DA-2B743FA153AB}"
EndProject
Project("{FAE04EC0-301F-11D3-BF4B-00C04F79EFBC}") = "RequestResponse", "RequestResponse\source\RequestResponse\RequestResponse.csproj", "{6A9A18B6-9445-45A0-813D-B7143DB9BC74}"
EndProject
Project("{FAE04EC0-301F-11D3-BF4B-00C04F79EFBC}") = "IntegrationService", "IntegrationService\IntegrationService.csproj", "{786BF2BE-F2A3-48EE-AF75-840E31A08179}"
EndProject
Global
	GlobalSection(SolutionConfigurationPlatforms) = preSolution
		Debug|Any CPU = Debug|Any CPU
		Release|Any CPU = Release|Any CPU
	EndGlobalSection
	GlobalSection(ProjectConfigurationPlatforms) = postSolution
		{1A274305-4886-43D0-8A1C-D249DAEEC028}.Debug|Any CPU.ActiveCfg = Debug|Any CPU
		{1A274305-4886-43D0-8A1C-D249DAEEC028}.Debug|Any CPU.Build.0 = Debug|Any CPU
		{1A274305-4886-43D0-8A1C-D249DAEEC028}.Release|Any CPU.ActiveCfg = Release|Any CPU
		{1A274305-4886-43D0-8A1C-D249DAEEC028}.Release|Any CPU.Build.0 = Release|Any CPU
		{A39FBB1C-52A5-4197-853E-2F97A475C111}.Debug|Any CPU.ActiveCfg = Debug|Any CPU
		{A39FBB1C-52A5-4197-853E-2F97A475C111}.Debug|Any CPU.Build.0 = Debug|Any CPU
		{A39FBB1C-52A5-4197-853E-2F97A475C111}.Release|Any CPU.ActiveCfg = Release|Any CPU
		{A39FBB1C-52A5-4197-853E-2F97A475C111}.Release|Any CPU.Build.0 = Release|Any CPU
		{4D32E38C-3001-43F5-824E-C271685521F0}.Debug|Any CPU.ActiveCfg = Debug|Any CPU
		{4D32E38C-3001-43F5-824E-C271685521F0}.Debug|Any CPU.Build.0 = Debug|Any CPU
		{4D32E38C-3001-43F5-824E-C271685521F0}.Release|Any CPU.ActiveCfg = Release|Any CPU
		{4D32E38C-3001-43F5-824E-C271685521F0}.Release|Any CPU.Build.0 = Release|Any CPU
		{CAD21241-8CA0-4E1E-BE4C-7C2F902B138F}.Debug|Any CPU.ActiveCfg = Debug|Any CPU
		{CAD21241-8CA0-4E1E-BE4C-7C2F902B138F}.Debug|Any CPU.Build.0 = Debug|Any CPU
		{CAD21241-8CA0-4E1E-BE4C-7C2F902B138F}.Release|Any CPU.ActiveCfg = Release|Any CPU
		{CAD21241-8CA0-4E1E-BE4C-7C2F902B138F}.Release|Any CPU.Build.0 = Release|Any CPU
		{79DE71D0-7AA6-4B96-AB44-85F4C621608E}.Debug|Any CPU.ActiveCfg = Debug|Any CPU
		{79DE71D0-7AA6-4B96-AB44-85F4C621608E}.Debug|Any CPU.Build.0 = Debug|Any CPU
		{79DE71D0-7AA6-4B96-AB44-85F4C621608E}.Release|Any CPU.ActiveCfg = Release|Any CPU
		{79DE71D0-7AA6-4B96-AB44-85F4C621608E}.Release|Any CPU.Build.0 = Release|Any CPU
		{3801DF77-3A40-460C-9529-7AD9422037B0}.Debug|Any CPU.ActiveCfg = Debug|Any CPU
		{3801DF77-3A40-460C-9529-7AD9422037B0}.Debug|Any CPU.Build.0 = Debug|Any CPU
		{3801DF77-3A40-460C-9529-7AD9422037B0}.Release|Any CPU.ActiveCfg = Release|Any CPU
		{3801DF77-3A40-460C-9529-7AD9422037B0}.Release|Any CPU.Build.0 = Release|Any CPU
		{87D55C95-0790-42A1-B543-AF27BF2E0950}.Debug|Any CPU.ActiveCfg = Debug|Any CPU
		{87D55C95-0790-42A1-B543-AF27BF2E0950}.Debug|Any CPU.Build.0 = Debug|Any CPU
		{87D55C95-0790-42A1-B543-AF27BF2E0950}.Release|Any CPU.ActiveCfg = Release|Any CPU
		{87D55C95-0790-42A1-B543-AF27BF2E0950}.Release|Any CPU.Build.0 = Release|Any CPU
		{2B806039-5BCF-4768-95FE-56778403E64D}.Debug|Any CPU.ActiveCfg = Debug|Any CPU
		{2B806039-5BCF-4768-95FE-56778403E64D}.Debug|Any CPU.Build.0 = Debug|Any CPU
		{2B806039-5BCF-4768-95FE-56778403E64D}.Release|Any CPU.ActiveCfg = Release|Any CPU
		{2B806039-5BCF-4768-95FE-56778403E64D}.Release|Any CPU.Build.0 = Release|Any CPU
		{27395443-B503-4A4A-B9F1-01C3F9C75222}.Debug|Any CPU.ActiveCfg = Debug|Any CPU
		{27395443-B503-4A4A-B9F1-01C3F9C75222}.Debug|Any CPU.Build.0 = Debug|Any CPU
		{27395443-B503-4A4A-B9F1-01C3F9C75222}.Release|Any CPU.ActiveCfg = Release|Any CPU
		{27395443-B503-4A4A-B9F1-01C3F9C75222}.Release|Any CPU.Build.0 = Release|Any CPU
		{B14EBA74-CCAF-4677-8AE5-A0F6302ED54C}.Debug|Any CPU.ActiveCfg = Debug|Any CPU
		{B14EBA74-CCAF-4677-8AE5-A0F6302ED54C}.Debug|Any CPU.Build.0 = Debug|Any CPU
		{B14EBA74-CCAF-4677-8AE5-A0F6302ED54C}.Release|Any CPU.ActiveCfg = Release|Any CPU
		{B14EBA74-CCAF-4677-8AE5-A0F6302ED54C}.Release|Any CPU.Build.0 = Release|Any CPU
		{76FA7684-27E1-4022-9FB3-F72811E45C60}.Debug|Any CPU.ActiveCfg = Debug|Any CPU
		{76FA7684-27E1-4022-9FB3-F72811E45C60}.Debug|Any CPU.Build.0 = Debug|Any CPU
		{76FA7684-27E1-4022-9FB3-F72811E45C60}.Release|Any CPU.ActiveCfg = Release|Any CPU
		{76FA7684-27E1-4022-9FB3-F72811E45C60}.Release|Any CPU.Build.0 = Release|Any CPU
		{FB4D9AE5-FCF2-442D-97EC-8AED1F9DDD2E}.Debug|Any CPU.ActiveCfg = Debug|Any CPU
		{FB4D9AE5-FCF2-442D-97EC-8AED1F9DDD2E}.Debug|Any CPU.Build.0 = Debug|Any CPU
		{FB4D9AE5-FCF2-442D-97EC-8AED1F9DDD2E}.Release|Any CPU.ActiveCfg = Release|Any CPU
		{FB4D9AE5-FCF2-442D-97EC-8AED1F9DDD2E}.Release|Any CPU.Build.0 = Release|Any CPU
		{8B1DCD6E-013F-4B45-B9EB-167F1D874793}.Debug|Any CPU.ActiveCfg = Debug|Any CPU
		{8B1DCD6E-013F-4B45-B9EB-167F1D874793}.Debug|Any CPU.Build.0 = Debug|Any CPU
		{8B1DCD6E-013F-4B45-B9EB-167F1D874793}.Release|Any CPU.ActiveCfg = Release|Any CPU
		{8B1DCD6E-013F-4B45-B9EB-167F1D874793}.Release|Any CPU.Build.0 = Release|Any CPU
		{D0C39286-C7BE-4714-8CA1-5654B68A9529}.Debug|Any CPU.ActiveCfg = Debug|Any CPU
		{D0C39286-C7BE-4714-8CA1-5654B68A9529}.Debug|Any CPU.Build.0 = Debug|Any CPU
		{D0C39286-C7BE-4714-8CA1-5654B68A9529}.Release|Any CPU.ActiveCfg = Release|Any CPU
		{D0C39286-C7BE-4714-8CA1-5654B68A9529}.Release|Any CPU.Build.0 = Release|Any CPU
		{87BCDB76-76A4-46A3-9F67-571847541C90}.Debug|Any CPU.ActiveCfg = Debug|Any CPU
		{87BCDB76-76A4-46A3-9F67-571847541C90}.Debug|Any CPU.Build.0 = Debug|Any CPU
		{87BCDB76-76A4-46A3-9F67-571847541C90}.Release|Any CPU.ActiveCfg = Release|Any CPU
		{87BCDB76-76A4-46A3-9F67-571847541C90}.Release|Any CPU.Build.0 = Release|Any CPU
		{4AA95CA9-C2EB-4F47-88D5-8E320F62142C}.Debug|Any CPU.ActiveCfg = Debug|Any CPU
		{4AA95CA9-C2EB-4F47-88D5-8E320F62142C}.Debug|Any CPU.Build.0 = Debug|Any CPU
		{4AA95CA9-C2EB-4F47-88D5-8E320F62142C}.Release|Any CPU.ActiveCfg = Release|Any CPU
		{4AA95CA9-C2EB-4F47-88D5-8E320F62142C}.Release|Any CPU.Build.0 = Release|Any CPU
		{0229A857-9C48-4D36-A4DF-6576FC6692EF}.Debug|Any CPU.ActiveCfg = Debug|Any CPU
		{0229A857-9C48-4D36-A4DF-6576FC6692EF}.Debug|Any CPU.Build.0 = Debug|Any CPU
		{0229A857-9C48-4D36-A4DF-6576FC6692EF}.Release|Any CPU.ActiveCfg = Release|Any CPU
		{0229A857-9C48-4D36-A4DF-6576FC6692EF}.Release|Any CPU.Build.0 = Release|Any CPU
		{093FBBA9-B7CF-411E-93DA-2B743FA153AB}.Debug|Any CPU.ActiveCfg = Debug|Any CPU
		{093FBBA9-B7CF-411E-93DA-2B743FA153AB}.Debug|Any CPU.Build.0 = Debug|Any CPU
		{093FBBA9-B7CF-411E-93DA-2B743FA153AB}.Release|Any CPU.ActiveCfg = Release|Any CPU
		{093FBBA9-B7CF-411E-93DA-2B743FA153AB}.Release|Any CPU.Build.0 = Release|Any CPU
		{6A9A18B6-9445-45A0-813D-B7143DB9BC74}.Debug|Any CPU.ActiveCfg = Debug|Any CPU
		{6A9A18B6-9445-45A0-813D-B7143DB9BC74}.Debug|Any CPU.Build.0 = Debug|Any CPU
		{6A9A18B6-9445-45A0-813D-B7143DB9BC74}.Release|Any CPU.ActiveCfg = Release|Any CPU
		{6A9A18B6-9445-45A0-813D-B7143DB9BC74}.Release|Any CPU.Build.0 = Release|Any CPU
		{786BF2BE-F2A3-48EE-AF75-840E31A08179}.Debug|Any CPU.ActiveCfg = Debug|Any CPU
		{786BF2BE-F2A3-48EE-AF75-840E31A08179}.Debug|Any CPU.Build.0 = Debug|Any CPU
		{786BF2BE-F2A3-48EE-AF75-840E31A08179}.Release|Any CPU.ActiveCfg = Release|Any CPU
		{786BF2BE-F2A3-48EE-AF75-840E31A08179}.Release|Any CPU.Build.0 = Release|Any CPU
	EndGlobalSection
	GlobalSection(SolutionProperties) = preSolution
		HideSolutionNode = FALSE
	EndGlobalSection
	GlobalSection(NestedProjects) = preSolution
		{1A274305-4886-43D0-8A1C-D249DAEEC028} = {582BFE4E-BBFB-4CBE-840D-2F97C2BA1D3C}
		{A39FBB1C-52A5-4197-853E-2F97A475C111} = {582BFE4E-BBFB-4CBE-840D-2F97C2BA1D3C}
		{4D32E38C-3001-43F5-824E-C271685521F0} = {582BFE4E-BBFB-4CBE-840D-2F97C2BA1D3C}
		{CAD21241-8CA0-4E1E-BE4C-7C2F902B138F} = {FD29AEE1-CB22-41FD-A875-1E99C4D5D81C}
		{79DE71D0-7AA6-4B96-AB44-85F4C621608E} = {582BFE4E-BBFB-4CBE-840D-2F97C2BA1D3C}
		{3801DF77-3A40-460C-9529-7AD9422037B0} = {582BFE4E-BBFB-4CBE-840D-2F97C2BA1D3C}
		{87D55C95-0790-42A1-B543-AF27BF2E0950} = {582BFE4E-BBFB-4CBE-840D-2F97C2BA1D3C}
		{27395443-B503-4A4A-B9F1-01C3F9C75222} = {1C877C68-8E3D-4371-B96A-7360850A538E}
		{B14EBA74-CCAF-4677-8AE5-A0F6302ED54C} = {1C877C68-8E3D-4371-B96A-7360850A538E}
		{76FA7684-27E1-4022-9FB3-F72811E45C60} = {1C877C68-8E3D-4371-B96A-7360850A538E}
		{FB4D9AE5-FCF2-442D-97EC-8AED1F9DDD2E} = {1C877C68-8E3D-4371-B96A-7360850A538E}
		{8B1DCD6E-013F-4B45-B9EB-167F1D874793} = {1C877C68-8E3D-4371-B96A-7360850A538E}
		{D0C39286-C7BE-4714-8CA1-5654B68A9529} = {1C877C68-8E3D-4371-B96A-7360850A538E}
		{87BCDB76-76A4-46A3-9F67-571847541C90} = {1C877C68-8E3D-4371-B96A-7360850A538E}
		{0229A857-9C48-4D36-A4DF-6576FC6692EF} = {582BFE4E-BBFB-4CBE-840D-2F97C2BA1D3C}
		{093FBBA9-B7CF-411E-93DA-2B743FA153AB} = {1C877C68-8E3D-4371-B96A-7360850A538E}
	EndGlobalSection
	GlobalSection(ExtensibilityGlobals) = postSolution
		SolutionGuid = {D7925810-FA85-4F9E-A124-72F36BAEB9F0}
	EndGlobalSection
EndGlobal
