Microsoft Visual Studio Solution File, Format Version 12.00
# Copyright 2020 Energinet DataHub A/S
#
# Licensed under the Apache License, Version 2.0 (the "License2");
# you may not use this file except in compliance with the License.
# You may obtain a copy of the License at
#
#     http://www.apache.org/licenses/LICENSE-2.0
#
# Unless required by applicable law or agreed to in writing, software
# distributed under the License is distributed on an "AS IS" BASIS,
# WITHOUT WARRANTIES OR CONDITIONS OF ANY KIND, either express or implied.
# See the License for the specific language governing permissions and
# limitations under the License.
#
Microsoft Visual Studio Solution File, Format Version 12.00
Project("{FAE04EC0-301F-11D3-BF4B-00C04F79EFBC}") = "Energinet.DataHub.MarketRoles.EntryPoints.Processing", "Energinet.DataHub.MarketRoles.EntryPoints.Processing\Energinet.DataHub.MarketRoles.EntryPoints.Processing.csproj", "{1A274305-4886-43D0-8A1C-D249DAEEC028}"
EndProject
Project("{FAE04EC0-301F-11D3-BF4B-00C04F79EFBC}") = "Energinet.DataHub.MarketRoles.EntryPoints.Ingestion", "Energinet.DataHub.MarketRoles.EntryPoints.Ingestion\Energinet.DataHub.MarketRoles.EntryPoints.Ingestion.csproj", "{654DA496-60D8-47D8-923E-F24F71A31F84}"
EndProject
Project("{FAE04EC0-301F-11D3-BF4B-00C04F79EFBC}") = "Energinet.DataHub.MarketRoles.EntryPoints.Outbox", "Energinet.DataHub.MarketRoles.EntryPoints.Outbox\Energinet.DataHub.MarketRoles.EntryPoints.Outbox.csproj", "{883CEA94-E42C-44B9-83C1-104998502B74}"
EndProject
Project("{2150E333-8FDC-42A3-9474-1A3956D46DE8}") = "EntryPoints", "EntryPoints", "{FD29AEE1-CB22-41FD-A875-1E99C4D5D81C}"
EndProject
Project("{FAE04EC0-301F-11D3-BF4B-00C04F79EFBC}") = "Energinet.DataHub.MarketRoles.Application", "Energinet.DataHub.MarketRoles.Application\Energinet.DataHub.MarketRoles.Application.csproj", "{A39FBB1C-52A5-4197-853E-2F97A475C111}"
EndProject
Project("{2150E333-8FDC-42A3-9474-1A3956D46DE8}") = "Tests", "Tests", "{1E0CD798-F373-475B-AF45-93D02A1D7D2C}"
EndProject
Project("{FAE04EC0-301F-11D3-BF4B-00C04F79EFBC}") = "Energinet.DataHub.MarketRoles.Tests", "Energinet.DataHub.MarketRoles.Tests\Energinet.DataHub.MarketRoles.Tests.csproj", "{4D32E38C-3001-43F5-824E-C271685521F0}"
EndProject
Project("{FAE04EC0-301F-11D3-BF4B-00C04F79EFBC}") = "Energinet.DataHub.MarketRoles.EntryPoints.Common", "Energinet.DataHub.MarketRoles.EntryPoints.Common\Energinet.DataHub.MarketRoles.EntryPoints.Common.csproj", "{CAD21241-8CA0-4E1E-BE4C-7C2F902B138F}"
EndProject
Project("{FAE04EC0-301F-11D3-BF4B-00C04F79EFBC}") = "Energinet.DataHub.MarketRoles.Infrastructure", "Energinet.DataHub.MarketRoles.Infrastructure\Energinet.DataHub.MarketRoles.Infrastructure.csproj", "{79DE71D0-7AA6-4B96-AB44-85F4C621608E}"
EndProject
Project("{FAE04EC0-301F-11D3-BF4B-00C04F79EFBC}") = "Energinet.DataHub.MarketRoles.IntegrationTests", "Energinet.DataHub.MarketRoles.IntegrationTests\Energinet.DataHub.MarketRoles.IntegrationTests.csproj", "{3801DF77-3A40-460C-9529-7AD9422037B0}"
EndProject
Project("{FAE04EC0-301F-11D3-BF4B-00C04F79EFBC}") = "Energinet.DataHub.MarketRoles.Domain", "Energinet.DataHub.MarketRoles.Domain\Energinet.DataHub.MarketRoles.Domain.csproj", "{87D55C95-0790-42A1-B543-AF27BF2E0950}"
EndProject
Project("{FAE04EC0-301F-11D3-BF4B-00C04F79EFBC}") = "Energinet.DataHub.MarketRoles.ApplyDBMigrationsApp", "Energinet.DataHub.MarketRoles.ApplyDBMigrationsApp\Energinet.DataHub.MarketRoles.ApplyDBMigrationsApp.csproj", "{2B806039-5BCF-4768-95FE-56778403E64D}"
EndProject
Project("{FAE04EC0-301F-11D3-BF4B-00C04F79EFBC}") = "Energinet.DataHub.MarketRoles.EntryPoints.InternalCommandDispatcher", "Energinet.DataHub.MarketRoles.EntryPoints.InternalCommandDispatcher\Energinet.DataHub.MarketRoles.EntryPoints.InternalCommandDispatcher.csproj", "{A49C8517-149C-4E72-9A6C-99878151589E}"
EndProject
Project("{FAE04EC0-301F-11D3-BF4B-00C04F79EFBC}") = "Energinet.DataHub.MarketRoles.EntryPoints.LocalMessageHub", "Energinet.DataHub.MarketRoles.EntryPoints.LocalMessageHub\Energinet.DataHub.MarketRoles.EntryPoints.LocalMessageHub.csproj", "{B631AE9E-A349-4CEE-8440-A54AE8272B26}"
EndProject
Project("{FAE04EC0-301F-11D3-BF4B-00C04F79EFBC}") = "Energinet.DataHub.MarketRoles.Messaging", "Energinet.DataHub.MarketRoles.Messaging\Energinet.DataHub.MarketRoles.Messaging.csproj", "{2AC3F815-7722-42F8-9348-72CFEDCB81EE}"
EndProject
Project("{FAE04EC0-301F-11D3-BF4B-00C04F79EFBC}") = "B2B.Transactions.CimMessageAdapter.Tests", "B2B.Transactions.CimMessageAdapter.Tests\B2B.Transactions.CimMessageAdapter.Tests.csproj", "{0B8E940E-A2CE-458B-BB51-C12050D91360}"
EndProject
Project("{FAE04EC0-301F-11D3-BF4B-00C04F79EFBC}") = "B2B.Transactions.CimMessageAdapter", "B2B.Transactions.CimMessageAdapter\B2B.Transactions.CimMessageAdapter.csproj", "{27395443-B503-4A4A-B9F1-01C3F9C75222}"
EndProject
Project("{2150E333-8FDC-42A3-9474-1A3956D46DE8}") = "B2B", "B2B", "{1C877C68-8E3D-4371-B96A-7360850A538E}"
EndProject
Project("{FAE04EC0-301F-11D3-BF4B-00C04F79EFBC}") = "B2B.Transactions.Api", "B2B.Transactions.Api\B2B.Transactions.Api.csproj", "{B14EBA74-CCAF-4677-8AE5-A0F6302ED54C}"
EndProject
Project("{FAE04EC0-301F-11D3-BF4B-00C04F79EFBC}") = "B2B.Transactions.Tests", "B2B.Transactions.Tests\B2B.Transactions.Tests.csproj", "{76FA7684-27E1-4022-9FB3-F72811E45C60}"
EndProject
Project("{FAE04EC0-301F-11D3-BF4B-00C04F79EFBC}") = "B2B.Transactions", "B2B.Transactions\B2B.Transactions.csproj", "{FB4D9AE5-FCF2-442D-97EC-8AED1F9DDD2E}"
EndProject
Global
	GlobalSection(SolutionConfigurationPlatforms) = preSolution
		Debug|Any CPU = Debug|Any CPU
		Release|Any CPU = Release|Any CPU
	EndGlobalSection
	GlobalSection(ProjectConfigurationPlatforms) = postSolution
		{1A274305-4886-43D0-8A1C-D249DAEEC028}.Debug|Any CPU.ActiveCfg = Debug|Any CPU
		{1A274305-4886-43D0-8A1C-D249DAEEC028}.Debug|Any CPU.Build.0 = Debug|Any CPU
		{1A274305-4886-43D0-8A1C-D249DAEEC028}.Release|Any CPU.ActiveCfg = Release|Any CPU
		{1A274305-4886-43D0-8A1C-D249DAEEC028}.Release|Any CPU.Build.0 = Release|Any CPU
		{654DA496-60D8-47D8-923E-F24F71A31F84}.Debug|Any CPU.ActiveCfg = Debug|Any CPU
		{654DA496-60D8-47D8-923E-F24F71A31F84}.Debug|Any CPU.Build.0 = Debug|Any CPU
		{654DA496-60D8-47D8-923E-F24F71A31F84}.Release|Any CPU.ActiveCfg = Release|Any CPU
		{654DA496-60D8-47D8-923E-F24F71A31F84}.Release|Any CPU.Build.0 = Release|Any CPU
		{883CEA94-E42C-44B9-83C1-104998502B74}.Debug|Any CPU.ActiveCfg = Debug|Any CPU
		{883CEA94-E42C-44B9-83C1-104998502B74}.Debug|Any CPU.Build.0 = Debug|Any CPU
		{883CEA94-E42C-44B9-83C1-104998502B74}.Release|Any CPU.ActiveCfg = Release|Any CPU
		{883CEA94-E42C-44B9-83C1-104998502B74}.Release|Any CPU.Build.0 = Release|Any CPU
		{A39FBB1C-52A5-4197-853E-2F97A475C111}.Debug|Any CPU.ActiveCfg = Debug|Any CPU
		{A39FBB1C-52A5-4197-853E-2F97A475C111}.Debug|Any CPU.Build.0 = Debug|Any CPU
		{A39FBB1C-52A5-4197-853E-2F97A475C111}.Release|Any CPU.ActiveCfg = Release|Any CPU
		{A39FBB1C-52A5-4197-853E-2F97A475C111}.Release|Any CPU.Build.0 = Release|Any CPU
		{4D32E38C-3001-43F5-824E-C271685521F0}.Debug|Any CPU.ActiveCfg = Debug|Any CPU
		{4D32E38C-3001-43F5-824E-C271685521F0}.Debug|Any CPU.Build.0 = Debug|Any CPU
		{4D32E38C-3001-43F5-824E-C271685521F0}.Release|Any CPU.ActiveCfg = Release|Any CPU
		{4D32E38C-3001-43F5-824E-C271685521F0}.Release|Any CPU.Build.0 = Release|Any CPU
		{CAD21241-8CA0-4E1E-BE4C-7C2F902B138F}.Debug|Any CPU.ActiveCfg = Debug|Any CPU
		{CAD21241-8CA0-4E1E-BE4C-7C2F902B138F}.Debug|Any CPU.Build.0 = Debug|Any CPU
		{CAD21241-8CA0-4E1E-BE4C-7C2F902B138F}.Release|Any CPU.ActiveCfg = Release|Any CPU
		{CAD21241-8CA0-4E1E-BE4C-7C2F902B138F}.Release|Any CPU.Build.0 = Release|Any CPU
		{79DE71D0-7AA6-4B96-AB44-85F4C621608E}.Debug|Any CPU.ActiveCfg = Debug|Any CPU
		{79DE71D0-7AA6-4B96-AB44-85F4C621608E}.Debug|Any CPU.Build.0 = Debug|Any CPU
		{79DE71D0-7AA6-4B96-AB44-85F4C621608E}.Release|Any CPU.ActiveCfg = Release|Any CPU
		{79DE71D0-7AA6-4B96-AB44-85F4C621608E}.Release|Any CPU.Build.0 = Release|Any CPU
		{87D55C95-0790-42A1-B543-AF27BF2E0950}.Debug|Any CPU.ActiveCfg = Debug|Any CPU
		{87D55C95-0790-42A1-B543-AF27BF2E0950}.Debug|Any CPU.Build.0 = Debug|Any CPU
		{87D55C95-0790-42A1-B543-AF27BF2E0950}.Release|Any CPU.ActiveCfg = Release|Any CPU
		{87D55C95-0790-42A1-B543-AF27BF2E0950}.Release|Any CPU.Build.0 = Release|Any CPU
		{3801DF77-3A40-460C-9529-7AD9422037B0}.Debug|Any CPU.ActiveCfg = Debug|Any CPU
		{3801DF77-3A40-460C-9529-7AD9422037B0}.Debug|Any CPU.Build.0 = Debug|Any CPU
		{3801DF77-3A40-460C-9529-7AD9422037B0}.Release|Any CPU.ActiveCfg = Release|Any CPU
		{3801DF77-3A40-460C-9529-7AD9422037B0}.Release|Any CPU.Build.0 = Release|Any CPU
		{2B806039-5BCF-4768-95FE-56778403E64D}.Debug|Any CPU.ActiveCfg = Debug|Any CPU
		{2B806039-5BCF-4768-95FE-56778403E64D}.Debug|Any CPU.Build.0 = Debug|Any CPU
		{2B806039-5BCF-4768-95FE-56778403E64D}.Release|Any CPU.ActiveCfg = Release|Any CPU
		{2B806039-5BCF-4768-95FE-56778403E64D}.Release|Any CPU.Build.0 = Release|Any CPU
		{A49C8517-149C-4E72-9A6C-99878151589E}.Debug|Any CPU.ActiveCfg = Debug|Any CPU
		{A49C8517-149C-4E72-9A6C-99878151589E}.Debug|Any CPU.Build.0 = Debug|Any CPU
		{A49C8517-149C-4E72-9A6C-99878151589E}.Release|Any CPU.ActiveCfg = Release|Any CPU
		{A49C8517-149C-4E72-9A6C-99878151589E}.Release|Any CPU.Build.0 = Release|Any CPU
		{B631AE9E-A349-4CEE-8440-A54AE8272B26}.Debug|Any CPU.ActiveCfg = Debug|Any CPU
		{B631AE9E-A349-4CEE-8440-A54AE8272B26}.Debug|Any CPU.Build.0 = Debug|Any CPU
		{B631AE9E-A349-4CEE-8440-A54AE8272B26}.Release|Any CPU.ActiveCfg = Release|Any CPU
		{B631AE9E-A349-4CEE-8440-A54AE8272B26}.Release|Any CPU.Build.0 = Release|Any CPU
		{2AC3F815-7722-42F8-9348-72CFEDCB81EE}.Debug|Any CPU.ActiveCfg = Debug|Any CPU
		{2AC3F815-7722-42F8-9348-72CFEDCB81EE}.Debug|Any CPU.Build.0 = Debug|Any CPU
		{2AC3F815-7722-42F8-9348-72CFEDCB81EE}.Release|Any CPU.ActiveCfg = Release|Any CPU
		{2AC3F815-7722-42F8-9348-72CFEDCB81EE}.Release|Any CPU.Build.0 = Release|Any CPU
		{0B8E940E-A2CE-458B-BB51-C12050D91360}.Debug|Any CPU.ActiveCfg = Debug|Any CPU
		{0B8E940E-A2CE-458B-BB51-C12050D91360}.Debug|Any CPU.Build.0 = Debug|Any CPU
		{0B8E940E-A2CE-458B-BB51-C12050D91360}.Release|Any CPU.ActiveCfg = Release|Any CPU
		{0B8E940E-A2CE-458B-BB51-C12050D91360}.Release|Any CPU.Build.0 = Release|Any CPU
		{27395443-B503-4A4A-B9F1-01C3F9C75222}.Debug|Any CPU.ActiveCfg = Debug|Any CPU
		{27395443-B503-4A4A-B9F1-01C3F9C75222}.Debug|Any CPU.Build.0 = Debug|Any CPU
		{27395443-B503-4A4A-B9F1-01C3F9C75222}.Release|Any CPU.ActiveCfg = Release|Any CPU
		{27395443-B503-4A4A-B9F1-01C3F9C75222}.Release|Any CPU.Build.0 = Release|Any CPU
		{B14EBA74-CCAF-4677-8AE5-A0F6302ED54C}.Debug|Any CPU.ActiveCfg = Debug|Any CPU
		{B14EBA74-CCAF-4677-8AE5-A0F6302ED54C}.Debug|Any CPU.Build.0 = Debug|Any CPU
		{B14EBA74-CCAF-4677-8AE5-A0F6302ED54C}.Release|Any CPU.ActiveCfg = Release|Any CPU
		{B14EBA74-CCAF-4677-8AE5-A0F6302ED54C}.Release|Any CPU.Build.0 = Release|Any CPU
		{76FA7684-27E1-4022-9FB3-F72811E45C60}.Debug|Any CPU.ActiveCfg = Debug|Any CPU
		{76FA7684-27E1-4022-9FB3-F72811E45C60}.Debug|Any CPU.Build.0 = Debug|Any CPU
		{76FA7684-27E1-4022-9FB3-F72811E45C60}.Release|Any CPU.ActiveCfg = Release|Any CPU
		{76FA7684-27E1-4022-9FB3-F72811E45C60}.Release|Any CPU.Build.0 = Release|Any CPU
		{FB4D9AE5-FCF2-442D-97EC-8AED1F9DDD2E}.Debug|Any CPU.ActiveCfg = Debug|Any CPU
		{FB4D9AE5-FCF2-442D-97EC-8AED1F9DDD2E}.Debug|Any CPU.Build.0 = Debug|Any CPU
		{FB4D9AE5-FCF2-442D-97EC-8AED1F9DDD2E}.Release|Any CPU.ActiveCfg = Release|Any CPU
		{FB4D9AE5-FCF2-442D-97EC-8AED1F9DDD2E}.Release|Any CPU.Build.0 = Release|Any CPU
	EndGlobalSection
	GlobalSection(NestedProjects) = preSolution
		{654DA496-60D8-47D8-923E-F24F71A31F84} = {FD29AEE1-CB22-41FD-A875-1E99C4D5D81C}
		{883CEA94-E42C-44B9-83C1-104998502B74} = {FD29AEE1-CB22-41FD-A875-1E99C4D5D81C}
		{1A274305-4886-43D0-8A1C-D249DAEEC028} = {FD29AEE1-CB22-41FD-A875-1E99C4D5D81C}
		{4D32E38C-3001-43F5-824E-C271685521F0} = {1E0CD798-F373-475B-AF45-93D02A1D7D2C}
		{CAD21241-8CA0-4E1E-BE4C-7C2F902B138F} = {FD29AEE1-CB22-41FD-A875-1E99C4D5D81C}
		{3801DF77-3A40-460C-9529-7AD9422037B0} = {1E0CD798-F373-475B-AF45-93D02A1D7D2C}
		{A49C8517-149C-4E72-9A6C-99878151589E} = {FD29AEE1-CB22-41FD-A875-1E99C4D5D81C}
		{B631AE9E-A349-4CEE-8440-A54AE8272B26} = {FD29AEE1-CB22-41FD-A875-1E99C4D5D81C}
		{27395443-B503-4A4A-B9F1-01C3F9C75222} = {1C877C68-8E3D-4371-B96A-7360850A538E}
		{0B8E940E-A2CE-458B-BB51-C12050D91360} = {1C877C68-8E3D-4371-B96A-7360850A538E}
		{B14EBA74-CCAF-4677-8AE5-A0F6302ED54C} = {1C877C68-8E3D-4371-B96A-7360850A538E}
		{76FA7684-27E1-4022-9FB3-F72811E45C60} = {1C877C68-8E3D-4371-B96A-7360850A538E}
		{FB4D9AE5-FCF2-442D-97EC-8AED1F9DDD2E} = {1C877C68-8E3D-4371-B96A-7360850A538E}
	EndGlobalSection
EndGlobal
