
Microsoft Visual Studio Solution File, Format Version 12.00
# Visual Studio Version 17
VisualStudioVersion = 17.7.34221.43
MinimumVisualStudioVersion = 10.0.40219.1
Project("{FAE04EC0-301F-11D3-BF4B-00C04F79EFBC}") = "SoapTest", "SoapTest\SoapTest.csproj", "{7084C1AE-90D5-485C-9257-01847593B483}"
EndProject
Global
	GlobalSection(SolutionConfigurationPlatforms) = preSolution
		Debug|Any CPU = Debug|Any CPU
		Release|Any CPU = Release|Any CPU
	EndGlobalSection
	GlobalSection(ProjectConfigurationPlatforms) = postSolution
		{7084C1AE-90D5-485C-9257-01847593B483}.Debug|Any CPU.ActiveCfg = Debug|Any CPU
		{7084C1AE-90D5-485C-9257-01847593B483}.Debug|Any CPU.Build.0 = Debug|Any CPU
		{7084C1AE-90D5-485C-9257-01847593B483}.Release|Any CPU.ActiveCfg = Release|Any CPU
		{7084C1AE-90D5-485C-9257-01847593B483}.Release|Any CPU.Build.0 = Release|Any CPU
	EndGlobalSection
	GlobalSection(SolutionProperties) = preSolution
		HideSolutionNode = FALSE
	EndGlobalSection
	GlobalSection(ExtensibilityGlobals) = postSolution
		SolutionGuid = {BB1E0494-EF17-42FF-990E-02A0AF598D48}
	EndGlobalSection
EndGlobal
